{"SurveyEntry":{"SurveyID":"SV_2h7xjFtgjuCQpVk","SurveyName":"ego network template for david","SurveyDescription":null,"SurveyOwnerID":"UR_d5ybR8TpQgIUvRj","SurveyBrandID":"ufl","DivisionID":null,"SurveyLanguage":"EN","SurveyActiveResponseSet":"RS_7ZJRiRH5dFMKPxc","SurveyStatus":"Inactive","SurveyStartDate":"0000-00-00 00:00:00","SurveyExpirationDate":"0000-00-00 00:00:00","SurveyCreationDate":"2021-02-11 12:21:13","CreatorID":"UR_d5ybR8TpQgIUvRj","LastModified":"2021-04-08 14:58:49","LastAccessed":"0000-00-00 00:00:00","LastActivated":"0000-00-00 00:00:00","Deleted":null},"SurveyElements":[{"SurveyID":"SV_2h7xjFtgjuCQpVk","Element":"BL","PrimaryAttribute":"Survey Blocks","SecondaryAttribute":null,"TertiaryAttribute":null,"Payload":{"0":{"Type":"Default","Description":"Informed Consent","ID":"BL_2fbemonUKXcN1WJ","BlockElements":[{"Type":"Question","QuestionID":"QID661"},{"Type":"Question","QuestionID":"QID662","SkipLogic":[{"SkipLogicID":1,"ChoiceLocator":"q:\/\/QID662\/SelectableChoice\/1","Condition":"Selected","SkipToDestination":"ENDOFBLOCK","Locator":"q:\/\/QID662\/SelectableChoice\/1","SkipToDescription":"You clicked \"I do not agree... <strong>I do not agree and do not w...<\/strong>  <strong>Is Selected<\/strong>","Description":"Condition: <strong title=\"I do not agree and do not wish to participate.\">I do not agree and do not w...<\/strong> <strong>Is Selected<\/strong>. Skip To: <strong>End of Block<\/strong>.","QuestionID":"QID662"}]},{"Type":"Page Break"},{"Type":"Question","QuestionID":"QID664","SkipLogic":[{"SkipLogicID":2,"ChoiceLocator":"q:\/\/QID664\/SelectableChoice\/1","Condition":"NotSelected","SkipToDestination":"ENDOFBLOCK","Locator":"q:\/\/QID664\/SelectableChoice\/1","SkipToDescription":"I will provide my best answers <strong>I will provide my best answers<\/strong>  <strong>Is Not Selected<\/strong>","Description":"Condition: <strong title=\"I will provide my best answers\">I will provide my best answers<\/strong> <strong>Is Not Selected<\/strong>. Skip To: <strong>End of Block<\/strong>.","QuestionID":"QID664"}]},{"Type":"Question","QuestionID":"QID665"}],"Options":{"BlockLocking":"false","RandomizeQuestions":"false","BlockVisibility":"Collapsed"}},"1":{"Type":"Trash","Description":"Trash \/ Unused Questions","ID":"BL_5cE7rya8Pz1xHz7","BlockElements":[],"Options":{"BlockLocking":"false","RandomizeQuestions":"false","BlockVisibility":"Expanded"}},"2":{"Type":"Standard","SubType":"","Description":"Ego Attributes","ID":"BL_3V5hG2AtsDXdExf","BlockElements":[{"Type":"Question","QuestionID":"QID7"}],"Options":{"BlockLocking":"false","RandomizeQuestions":"false","BlockVisibility":"Expanded"}},"3":{"Type":"Standard","SubType":"","Description":"Alter List","ID":"BL_5vB5CWFIO3yOCGx","BlockElements":[{"Type":"Question","QuestionID":"QID666"},{"Type":"Question","QuestionID":"QID667"},{"Type":"Page Break"},{"Type":"Question","QuestionID":"QID668"},{"Type":"Question","QuestionID":"QID669"},{"Type":"Page Break"},{"Type":"Question","QuestionID":"QID670"},{"Type":"Question","QuestionID":"QID671"},{"Type":"Page Break"},{"Type":"Question","QuestionID":"QID8"}],"Options":{"BlockLocking":"false","RandomizeQuestions":"false","BlockVisibility":"Expanded"}},"4":{"Type":"Standard","SubType":"","Description":"Alter 1 Attributes","ID":"BL_6X1MC1sbFP0hNgp","BlockElements":[{"Type":"Question","QuestionID":"QID10"},{"Type":"Question","QuestionID":"QID11"},{"Type":"Question","QuestionID":"QID12"},{"Type":"Question","QuestionID":"QID13"},{"Type":"Question","QuestionID":"QID14"}],"Options":{"BlockLocking":"false","RandomizeQuestions":"false","BlockVisibility":"Expanded"}},"5":{"Type":"Standard","SubType":"","Description":"AlterPair","ID":"BL_5naV0pi31KwhI1L","BlockElements":[{"Type":"Question","QuestionID":"QID17"},{"Type":"Page Break"},{"Type":"Question","QuestionID":"QID223"},{"Type":"Page Break"},{"Type":"Question","QuestionID":"QID19"},{"Type":"Page Break"},{"Type":"Question","QuestionID":"QID224"},{"Type":"Page Break"},{"Type":"Question","QuestionID":"QID250"},{"Type":"Page Break"},{"Type":"Question","QuestionID":"QID251"},{"Type":"Page Break"},{"Type":"Question","QuestionID":"QID252"},{"Type":"Page Break"},{"Type":"Question","QuestionID":"QID278"},{"Type":"Page Break"},{"Type":"Question","QuestionID":"QID280"},{"Type":"Page Break"},{"Type":"Question","QuestionID":"QID304"},{"Type":"Page Break"}],"Options":{"BlockLocking":"false","RandomizeQuestions":"false","BlockVisibility":"Collapsed"}},"6":{"Type":"Standard","SubType":"","Description":"Alter 3 Attributes","ID":"BL_9N7CZUAQckErXLv","BlockElements":[{"Type":"Question","QuestionID":"QID27"},{"Type":"Question","QuestionID":"QID28"},{"Type":"Question","QuestionID":"QID29"},{"Type":"Question","QuestionID":"QID30"},{"Type":"Question","QuestionID":"QID31"}],"Options":{"BlockLocking":"false","RandomizeQuestions":"false","BlockVisibility":"Collapsed"}},"7":{"Type":"Standard","SubType":"","Description":"Alter 2 Attributes","ID":"BL_7U1PiFdmdGKullX","BlockElements":[{"Type":"Question","QuestionID":"QID20"},{"Type":"Question","QuestionID":"QID21"},{"Type":"Question","QuestionID":"QID22"},{"Type":"Question","QuestionID":"QID23"},{"Type":"Question","QuestionID":"QID24"}],"Options":{"BlockLocking":"false","RandomizeQuestions":"false","BlockVisibility":"Collapsed"}},"8":{"Type":"Standard","SubType":"","Description":"Alter 4 Attributes","ID":"BL_9ov1POwSEpXzbF3","BlockElements":[{"Type":"Question","QuestionID":"QID34"},{"Type":"Question","QuestionID":"QID35"},{"Type":"Question","QuestionID":"QID36"},{"Type":"Question","QuestionID":"QID37"},{"Type":"Question","QuestionID":"QID38"}],"Options":{"BlockLocking":"false","RandomizeQuestions":"false","BlockVisibility":"Collapsed"}},"9":{"Type":"Standard","SubType":"","Description":"Alter 5 Attributes","ID":"BL_dnfJPRHsF6fduxn","BlockElements":[{"Type":"Question","QuestionID":"QID41"},{"Type":"Question","QuestionID":"QID42"},{"Type":"Question","QuestionID":"QID43"},{"Type":"Question","QuestionID":"QID44"},{"Type":"Question","QuestionID":"QID45"}],"Options":{"BlockLocking":"false","RandomizeQuestions":"false","BlockVisibility":"Collapsed"}},"36":{"Type":"Standard","SubType":"","Description":"End","ID":"BL_eOQFHztr68Cc0iV","BlockElements":[{"Type":"Question","QuestionID":"QID659"}],"Options":{"BlockLocking":"false","RandomizeQuestions":"false","BlockVisibility":"Collapsed"}}}},{"SurveyID":"SV_2h7xjFtgjuCQpVk","Element":"FL","PrimaryAttribute":"Survey Flow","SecondaryAttribute":null,"TertiaryAttribute":null,"Payload":{"Type":"Root","FlowID":"FL_1","Flow":[{"Type":"EmbeddedData","FlowID":"FL_41","EmbeddedData":[{"Description":"opp","Type":"Custom","Field":"opp","VariableType":"String","DataVisibility":[],"AnalyzeText":false,"Value":"Qual2594-0115FloridaHomeownersPart2"},{"Description":"rnid","Type":"Recipient","Field":"rnid","VariableType":"Nominal","DataVisibility":[]},{"Description":"study","Type":"Recipient","Field":"study","VariableType":"String","DataVisibility":[],"AnalyzeText":false},{"Description":"PID","Type":"Recipient","Field":"PID","VariableType":"String","DataVisibility":[],"AnalyzeText":false},{"Description":"psid","Type":"Recipient","Field":"psid","VariableType":"String","DataVisibility":[],"AnalyzeText":false},{"Description":"K2","Type":"Recipient","Field":"K2","VariableType":"String","DataVisibility":[],"AnalyzeText":false},{"Description":"med","Type":"Custom","Field":"med","VariableType":"String","DataVisibility":[],"AnalyzeText":false,"Value":"$e{(15030*${e:\/\/Field\/PID})-${e:\/\/Field\/K2}}"}]},{"Type":"Branch","FlowID":"FL_42","Description":"New Branch","BranchLogic":{"0":{"0":{"LogicType":"Quota","QuotaID":"QO_tmJsLieLGRNwhcz","QuotaType":"Simple","Operator":"QuotaMet","LeftOperand":"qo:\/\/QO_tmJsLieLGRNwhcz\/QuotaMet","QuotaName":"Overall Quota","Type":"Expression","Description":"<span class=\"ConjDesc\">If<\/span> <span class=\"QuestionDesc\">Quota<\/span> <span class=\"LeftOpDesc\">Overall Quota<\/span> <span class=\"OpDesc\">Has Been Met<\/span> "},"Type":"If"},"Type":"BooleanExpression"},"Flow":[{"Type":"EmbeddedData","FlowID":"FL_43","EmbeddedData":[{"Description":"gc","Type":"Custom","Field":"gc","VariableType":"String","DataVisibility":[],"AnalyzeText":false,"Value":"3"},{"Description":"term","Type":"Custom","Field":"term","VariableType":"String","DataVisibility":[],"AnalyzeText":false,"Value":"OverallQuota_Met"}]},{"Type":"EndSurvey","FlowID":"FL_44","EndingType":"Advanced","Options":{"Advanced":"true","SurveyTermination":"Redirect","EOSRedirectURL":"https:\/\/qpaz1.qualtrics.com\/SE\/?SID=SV_0PvXnPrG5x00Xat&__sid__=${e:\/\/Field\/__sid__}&ac=${e:\/\/Field\/ac}&cintID=${e:\/\/Field\/cintID}&cintid=${e:\/\/Field\/cintid}&Country=${e:\/\/Field\/Country}&custom1=${e:\/\/Field\/custom1}&EOLID=${e:\/\/Field\/EOLID}&ft=${e:\/\/Field\/ft}&ftouch=${e:\/\/Field\/ftouch}&gid=${e:\/\/Field\/gid}&ID=${e:\/\/Field\/ID}&id=${e:\/\/Field\/id}&invitation_id=${e:\/\/Field\/invitation_id}&K2=${e:\/\/Field\/K2}&lang=${e:\/\/Field\/lang}&luth=${e:\/\/Field\/luth}&mcid=${e:\/\/Field\/mcid}&med=${e:\/\/Field\/med}&mid=${e:\/\/Field\/mid}&MID=${e:\/\/Field\/MID}&oldvid=${e:\/\/Field\/oldvid}&owsid=${e:\/\/Field\/owsid}&password=${e:\/\/Field\/password}&PID=${e:\/\/Field\/PID}&ppsid=${e:\/\/Field\/ppsid}&Preview=${e:\/\/Field\/Preview}&ProjectToken=${e:\/\/Field\/ProjectToken}&psid=${e:\/\/Field\/psid}&r0=${e:\/\/Field\/r0}&rescid=${e:\/\/Field\/rescid}&returnid=${e:\/\/Field\/returnid}&rid=${e:\/\/Field\/rid}&RISN=${e:\/\/Field\/RISN}&rnid=${e:\/\/Field\/rnid}&sesskey=${e:\/\/Field\/sesskey}&sid=${e:\/\/Field\/sid}&sn=${e:\/\/Field\/sn}&sname=${e:\/\/Field\/sname}&study=${e:\/\/Field\/study}&subsid=${e:\/\/Field\/subsid}&surveyID=${e:\/\/Field\/SID}&ticket=${e:\/\/Field\/ticket}&uid=${e:\/\/Field\/uid}&UID=${e:\/\/Field\/UID}&uig=${e:\/\/Field\/uig}&user_id=${e:\/\/Field\/user_id}&V=${e:\/\/Field\/V}&vid=${e:\/\/Field\/vid}&gc=${e:\/\/Field\/gc}&term=${e:\/\/Field\/term}&opp=${e:\/\/Field\/opp}&basic=${e:\/\/Field\/basic}&pid=${e:\/\/Field\/pid}&SchCode=${e:\/\/Field\/SchCode}&zid=${e:\/\/Field\/zid}","CountQuotas":"No","AnonymizeResponse":"","EmailThankYou":"","IgnoreResponse":""}}]},{"Type":"Block","ID":"BL_2fbemonUKXcN1WJ","FlowID":"FL_2","Autofill":[]},{"Type":"Branch","FlowID":"FL_45","Description":"New Branch","BranchLogic":{"0":{"0":{"LogicType":"Question","QuestionID":"QID662","QuestionIsInLoop":"no","ChoiceLocator":"q:\/\/QID662\/SelectableChoice\/1","Operator":"Selected","QuestionIDFromLocator":"QID662","LeftOperand":"q:\/\/QID662\/SelectableChoice\/1","Type":"Expression","Description":"<span class=\"ConjDesc\">If<\/span> <span class=\"QuestionDesc\">You clicked \"I do not agree\" on the informed consent page. Please confirm that you do not wish to...<\/span> <span class=\"LeftOpDesc\">I do not agree and do not wish to participate.<\/span> <span class=\"OpDesc\">Is Selected<\/span> "},"Type":"If"},"Type":"BooleanExpression"},"Flow":[{"Type":"EmbeddedData","FlowID":"FL_46","EmbeddedData":[{"Description":"gc","Type":"Custom","Field":"gc","VariableType":"String","DataVisibility":[],"AnalyzeText":false,"Value":"2"},{"Description":"term","Type":"Custom","Field":"term","VariableType":"String","DataVisibility":[],"AnalyzeText":false,"Value":"Consent"}]},{"Type":"EndSurvey","FlowID":"FL_47","EndingType":"Advanced","Options":{"Advanced":"true","SurveyTermination":"Redirect","EOSRedirectURL":"https:\/\/qpaz1.qualtrics.com\/SE\/?SID=SV_0PvXnPrG5x00Xat&__sid__=${e:\/\/Field\/__sid__}&ac=${e:\/\/Field\/ac}&cintID=${e:\/\/Field\/cintID}&cintid=${e:\/\/Field\/cintid}&Country=${e:\/\/Field\/Country}&custom1=${e:\/\/Field\/custom1}&EOLID=${e:\/\/Field\/EOLID}&ft=${e:\/\/Field\/ft}&ftouch=${e:\/\/Field\/ftouch}&gid=${e:\/\/Field\/gid}&ID=${e:\/\/Field\/ID}&id=${e:\/\/Field\/id}&invitation_id=${e:\/\/Field\/invitation_id}&K2=${e:\/\/Field\/K2}&lang=${e:\/\/Field\/lang}&luth=${e:\/\/Field\/luth}&mcid=${e:\/\/Field\/mcid}&med=${e:\/\/Field\/med}&mid=${e:\/\/Field\/mid}&MID=${e:\/\/Field\/MID}&oldvid=${e:\/\/Field\/oldvid}&owsid=${e:\/\/Field\/owsid}&password=${e:\/\/Field\/password}&PID=${e:\/\/Field\/PID}&ppsid=${e:\/\/Field\/ppsid}&Preview=${e:\/\/Field\/Preview}&ProjectToken=${e:\/\/Field\/ProjectToken}&psid=${e:\/\/Field\/psid}&r0=${e:\/\/Field\/r0}&rescid=${e:\/\/Field\/rescid}&returnid=${e:\/\/Field\/returnid}&rid=${e:\/\/Field\/rid}&RISN=${e:\/\/Field\/RISN}&rnid=${e:\/\/Field\/rnid}&sesskey=${e:\/\/Field\/sesskey}&sid=${e:\/\/Field\/sid}&sn=${e:\/\/Field\/sn}&sname=${e:\/\/Field\/sname}&study=${e:\/\/Field\/study}&subsid=${e:\/\/Field\/subsid}&surveyID=${e:\/\/Field\/SID}&ticket=${e:\/\/Field\/ticket}&uid=${e:\/\/Field\/uid}&UID=${e:\/\/Field\/UID}&uig=${e:\/\/Field\/uig}&user_id=${e:\/\/Field\/user_id}&V=${e:\/\/Field\/V}&vid=${e:\/\/Field\/vid}&gc=${e:\/\/Field\/gc}&term=${e:\/\/Field\/term}&opp=${e:\/\/Field\/opp}&basic=${e:\/\/Field\/basic}&pid=${e:\/\/Field\/pid}&SchCode=${e:\/\/Field\/SchCode}&zid=${e:\/\/Field\/zid}","CountQuotas":"No","AnonymizeResponse":"","EmailThankYou":"","IgnoreResponse":""}}]},{"Type":"Branch","FlowID":"FL_48","Description":"New Branch","BranchLogic":{"0":{"0":{"LogicType":"Question","QuestionID":"QID664","QuestionIsInLoop":"no","ChoiceLocator":"q:\/\/QID664\/SelectableChoice\/1","Operator":"NotSelected","QuestionIDFromLocator":"QID664","LeftOperand":"q:\/\/QID664\/SelectableChoice\/1","Type":"Expression","Description":"<span class=\"ConjDesc\">If<\/span> <span class=\"QuestionDesc\">We care about the quality of our data. In order for us to get the most accurate measures of your...<\/span> <span class=\"LeftOpDesc\">I will provide my best answers<\/span> <span class=\"OpDesc\">Is Not Selected<\/span> "},"Type":"If"},"Type":"BooleanExpression"},"Flow":[{"Type":"EmbeddedData","FlowID":"FL_49","EmbeddedData":[{"Description":"gc","Type":"Custom","Field":"gc","VariableType":"String","DataVisibility":[],"AnalyzeText":false,"Value":"2"},{"Description":"term","Type":"Custom","Field":"term","VariableType":"String","DataVisibility":[],"AnalyzeText":false,"Value":"Not_Commit"}]},{"Type":"EndSurvey","FlowID":"FL_50","EndingType":"Advanced","Options":{"Advanced":"true","SurveyTermination":"Redirect","EOSRedirectURL":"https:\/\/qpaz1.qualtrics.com\/SE\/?SID=SV_0PvXnPrG5x00Xat&__sid__=${e:\/\/Field\/__sid__}&ac=${e:\/\/Field\/ac}&cintID=${e:\/\/Field\/cintID}&cintid=${e:\/\/Field\/cintid}&Country=${e:\/\/Field\/Country}&custom1=${e:\/\/Field\/custom1}&EOLID=${e:\/\/Field\/EOLID}&ft=${e:\/\/Field\/ft}&ftouch=${e:\/\/Field\/ftouch}&gid=${e:\/\/Field\/gid}&ID=${e:\/\/Field\/ID}&id=${e:\/\/Field\/id}&invitation_id=${e:\/\/Field\/invitation_id}&K2=${e:\/\/Field\/K2}&lang=${e:\/\/Field\/lang}&luth=${e:\/\/Field\/luth}&mcid=${e:\/\/Field\/mcid}&med=${e:\/\/Field\/med}&mid=${e:\/\/Field\/mid}&MID=${e:\/\/Field\/MID}&oldvid=${e:\/\/Field\/oldvid}&owsid=${e:\/\/Field\/owsid}&password=${e:\/\/Field\/password}&PID=${e:\/\/Field\/PID}&ppsid=${e:\/\/Field\/ppsid}&Preview=${e:\/\/Field\/Preview}&ProjectToken=${e:\/\/Field\/ProjectToken}&psid=${e:\/\/Field\/psid}&r0=${e:\/\/Field\/r0}&rescid=${e:\/\/Field\/rescid}&returnid=${e:\/\/Field\/returnid}&rid=${e:\/\/Field\/rid}&RISN=${e:\/\/Field\/RISN}&rnid=${e:\/\/Field\/rnid}&sesskey=${e:\/\/Field\/sesskey}&sid=${e:\/\/Field\/sid}&sn=${e:\/\/Field\/sn}&sname=${e:\/\/Field\/sname}&study=${e:\/\/Field\/study}&subsid=${e:\/\/Field\/subsid}&surveyID=${e:\/\/Field\/SID}&ticket=${e:\/\/Field\/ticket}&uid=${e:\/\/Field\/uid}&UID=${e:\/\/Field\/UID}&uig=${e:\/\/Field\/uig}&user_id=${e:\/\/Field\/user_id}&V=${e:\/\/Field\/V}&vid=${e:\/\/Field\/vid}&gc=${e:\/\/Field\/gc}&term=${e:\/\/Field\/term}&opp=${e:\/\/Field\/opp}&basic=${e:\/\/Field\/basic}&pid=${e:\/\/Field\/pid}&SchCode=${e:\/\/Field\/SchCode}&zid=${e:\/\/Field\/zid}","CountQuotas":"No","AnonymizeResponse":"","EmailThankYou":"","IgnoreResponse":""}}]},{"Type":"Standard","ID":"BL_3V5hG2AtsDXdExf","FlowID":"FL_3","Autofill":[]},{"Type":"Standard","ID":"BL_5vB5CWFIO3yOCGx","FlowID":"FL_4","Autofill":[]},{"Type":"Standard","ID":"BL_6X1MC1sbFP0hNgp","FlowID":"FL_5","Autofill":[]},{"Type":"Standard","ID":"BL_7U1PiFdmdGKullX","FlowID":"FL_8","Autofill":[]},{"Type":"Standard","ID":"BL_9N7CZUAQckErXLv","FlowID":"FL_7","Autofill":[]},{"Type":"Standard","ID":"BL_9ov1POwSEpXzbF3","FlowID":"FL_9","Autofill":[]},{"Type":"Standard","ID":"BL_dnfJPRHsF6fduxn","FlowID":"FL_10","Autofill":[]},{"Type":"Standard","ID":"BL_5naV0pi31KwhI1L","FlowID":"FL_6","Autofill":[]},{"Type":"Standard","ID":"BL_eOQFHztr68Cc0iV","FlowID":"FL_38","Autofill":[]},{"Type":"EmbeddedData","FlowID":"FL_39","EmbeddedData":[{"Description":"ID","Type":"Recipient","Field":"ID","VariableType":"Nominal","DataVisibility":[]}]},{"Type":"EmbeddedData","FlowID":"FL_51","EmbeddedData":[{"Description":"Q_TotalDuration","Type":"Recipient","Field":"Q_TotalDuration","VariableType":"String","DataVisibility":[],"AnalyzeText":false}]},{"Type":"Branch","FlowID":"FL_52","Description":"New Branch","BranchLogic":{"0":{"0":{"LogicType":"EmbeddedField","LeftOperand":"Q_TotalDuration","Operator":"LessThan","RightOperand":"1","_HiddenExpression":false,"Type":"Expression","Description":"<span class=\"ConjDesc\">If<\/span>  <span class=\"LeftOpDesc\">Q_TotalDuration<\/span> <span class=\"OpDesc\">Is Less Than<\/span> <span class=\"RightOpDesc\"> 1 <\/span>"},"Type":"If"},"Type":"BooleanExpression"},"Flow":[{"Type":"EmbeddedData","FlowID":"FL_53","EmbeddedData":[{"Description":"gc","Type":"Custom","Field":"gc","VariableType":"String","DataVisibility":[],"AnalyzeText":false,"Value":"4"},{"Description":"term","Type":"Custom","Field":"term","VariableType":"String","DataVisibility":[],"AnalyzeText":false,"Value":"Speeder"}]},{"Type":"EndSurvey","FlowID":"FL_54","EndingType":"Advanced","Options":{"Advanced":"true","SurveyTermination":"Redirect","EOSRedirectURL":"https:\/\/qpaz1.qualtrics.com\/SE\/?SID=SV_0PvXnPrG5x00Xat&__sid__=${e:\/\/Field\/__sid__}&ac=${e:\/\/Field\/ac}&cintID=${e:\/\/Field\/cintID}&cintid=${e:\/\/Field\/cintid}&Country=${e:\/\/Field\/Country}&custom1=${e:\/\/Field\/custom1}&EOLID=${e:\/\/Field\/EOLID}&ft=${e:\/\/Field\/ft}&ftouch=${e:\/\/Field\/ftouch}&gid=${e:\/\/Field\/gid}&ID=${e:\/\/Field\/ID}&id=${e:\/\/Field\/id}&invitation_id=${e:\/\/Field\/invitation_id}&K2=${e:\/\/Field\/K2}&lang=${e:\/\/Field\/lang}&luth=${e:\/\/Field\/luth}&mcid=${e:\/\/Field\/mcid}&med=${e:\/\/Field\/med}&mid=${e:\/\/Field\/mid}&MID=${e:\/\/Field\/MID}&oldvid=${e:\/\/Field\/oldvid}&owsid=${e:\/\/Field\/owsid}&password=${e:\/\/Field\/password}&PID=${e:\/\/Field\/PID}&ppsid=${e:\/\/Field\/ppsid}&Preview=${e:\/\/Field\/Preview}&ProjectToken=${e:\/\/Field\/ProjectToken}&psid=${e:\/\/Field\/psid}&r0=${e:\/\/Field\/r0}&rescid=${e:\/\/Field\/rescid}&returnid=${e:\/\/Field\/returnid}&rid=${e:\/\/Field\/rid}&RISN=${e:\/\/Field\/RISN}&rnid=${e:\/\/Field\/rnid}&sesskey=${e:\/\/Field\/sesskey}&sid=${e:\/\/Field\/sid}&sn=${e:\/\/Field\/sn}&sname=${e:\/\/Field\/sname}&study=${e:\/\/Field\/study}&subsid=${e:\/\/Field\/subsid}&surveyID=${e:\/\/Field\/SID}&ticket=${e:\/\/Field\/ticket}&uid=${e:\/\/Field\/uid}&UID=${e:\/\/Field\/UID}&uig=${e:\/\/Field\/uig}&user_id=${e:\/\/Field\/user_id}&V=${e:\/\/Field\/V}&vid=${e:\/\/Field\/vid}&gc=${e:\/\/Field\/gc}&term=${e:\/\/Field\/term}&opp=${e:\/\/Field\/opp}&basic=${e:\/\/Field\/basic}&pid=${e:\/\/Field\/pid}&SchCode=${e:\/\/Field\/SchCode}&zid=${e:\/\/Field\/zid}","CountQuotas":"No","AnonymizeResponse":"","EmailThankYou":"","IgnoreResponse":""}}]},{"Type":"EmbeddedData","FlowID":"FL_55","EmbeddedData":[{"Description":"gc","Type":"Custom","Field":"gc","VariableType":"String","DataVisibility":[],"AnalyzeText":false,"Value":"1"}]},{"Type":"EndSurvey","FlowID":"FL_56","EndingType":"Advanced","Options":{"Advanced":"true","SurveyTermination":"Redirect","EOSRedirectURL":"https:\/\/qpaz1.qualtrics.com\/SE\/?SID=SV_0PvXnPrG5x00Xat&__sid__=${e:\/\/Field\/__sid__}&ac=${e:\/\/Field\/ac}&cintID=${e:\/\/Field\/cintID}&cintid=${e:\/\/Field\/cintid}&Country=${e:\/\/Field\/Country}&custom1=${e:\/\/Field\/custom1}&EOLID=${e:\/\/Field\/EOLID}&ft=${e:\/\/Field\/ft}&ftouch=${e:\/\/Field\/ftouch}&gid=${e:\/\/Field\/gid}&ID=${e:\/\/Field\/ID}&id=${e:\/\/Field\/id}&invitation_id=${e:\/\/Field\/invitation_id}&K2=${e:\/\/Field\/K2}&lang=${e:\/\/Field\/lang}&luth=${e:\/\/Field\/luth}&mcid=${e:\/\/Field\/mcid}&med=${e:\/\/Field\/med}&mid=${e:\/\/Field\/mid}&MID=${e:\/\/Field\/MID}&oldvid=${e:\/\/Field\/oldvid}&owsid=${e:\/\/Field\/owsid}&password=${e:\/\/Field\/password}&PID=${e:\/\/Field\/PID}&ppsid=${e:\/\/Field\/ppsid}&Preview=${e:\/\/Field\/Preview}&ProjectToken=${e:\/\/Field\/ProjectToken}&psid=${e:\/\/Field\/psid}&r0=${e:\/\/Field\/r0}&rescid=${e:\/\/Field\/rescid}&returnid=${e:\/\/Field\/returnid}&rid=${e:\/\/Field\/rid}&RISN=${e:\/\/Field\/RISN}&rnid=${e:\/\/Field\/rnid}&sesskey=${e:\/\/Field\/sesskey}&sid=${e:\/\/Field\/sid}&sn=${e:\/\/Field\/sn}&sname=${e:\/\/Field\/sname}&study=${e:\/\/Field\/study}&subsid=${e:\/\/Field\/subsid}&surveyID=${e:\/\/Field\/SID}&ticket=${e:\/\/Field\/ticket}&uid=${e:\/\/Field\/uid}&UID=${e:\/\/Field\/UID}&uig=${e:\/\/Field\/uig}&user_id=${e:\/\/Field\/user_id}&V=${e:\/\/Field\/V}&vid=${e:\/\/Field\/vid}&gc=${e:\/\/Field\/gc}&term=${e:\/\/Field\/term}&opp=${e:\/\/Field\/opp}&basic=${e:\/\/Field\/basic}&pid=${e:\/\/Field\/pid}&SchCode=${e:\/\/Field\/SchCode}&zid=${e:\/\/Field\/zid}"}}],"Properties":{"Count":57,"RemovedFieldsets":[]}}},{"SurveyID":"SV_2h7xjFtgjuCQpVk","Element":"SO","PrimaryAttribute":"Survey Options","SecondaryAttribute":null,"TertiaryAttribute":null,"Payload":{"BackButton":"true","SaveAndContinue":"true","SurveyProtection":"PublicSurvey","BallotBoxStuffingPrevention":"true","NoIndex":"Yes","SecureResponseFiles":"true","SurveyExpiration":null,"SurveyTermination":"DefaultMessage","Header":"","Footer":"","ProgressBarDisplay":"Text","PartialData":"+3 month","ValidationMessage":null,"PreviousButton":"  <<  ","NextButton":"  >>  ","SkinLibrary":"ufl","SkinType":"MQ","Skin":"ufl_new","NewScoring":1,"ProtectSelectionIds":true,"EOSMessage":"","ShowExportTags":"false","CollectGeoLocation":"false","SurveyTitle":"Online Survey Software | Qualtrics Survey Solutions","SurveyMetaDescription":"Qualtrics sophisticated online survey software solutions make creating online surveys easy. Learn more about Research Suite and get a free account today.","PasswordProtection":"No","AnonymizeResponse":"No","Password":"","RefererCheck":"No","RefererURL":"http:\/\/","EOSMessageLibrary":"","EOSRedirectURL":"https:\/\/","EmailThankYou":"false","ThankYouEmailMessageLibrary":null,"ThankYouEmailMessage":null,"ValidateMessage":"false","ValidationMessageLibrary":null,"InactiveSurvey":"DefaultMessage","PartialDataCloseAfter":"LastActivity","InactiveMessageLibrary":"","InactiveMessage":"","ActiveResponseSet":null,"AvailableLanguages":{"EN":[]},"libraryId":"","nextButtonMid":"","previousButtonMid":"","headerMid":"","footerMid":"","QuestionsPerPage":"","PageTransition":"Fade","ExternalCSS":null,"CustomStyles":{"errorStyles":{"selector":".Skin .ValidationError","styles":{"color":null,"backgroundColor":null,"borderColor":null}},"errorStylesBG":{"selector":".Skin .HeaderValidationError, .Skin .HeaderValidationError li a","styles":{"color":null,"backgroundColor":null}},"pageStyles":{"selector":"#SurveyEngineBody","styles":{"backgroundColor":null}},"textStyles":{"selector":".SkinInner","styles":{"fontFamily":null,"fontSize":null,"fontWeight":null,"fontStyle":null,"textDecoration":null,"color":null}},"questionStyles":{"selector":".Skin .QuestionText","styles":{"fontFamily":null,"fontSize":null,"fontWeight":null,"fontStyle":null,"textDecoration":null,"color":null}},"choiceStyles":{"selector":".Skin .horizontalbar th.ylabel, .Skin .Matrix table td, .Skin .Matrix table th, .Skin .Matrix table thead th, .Skin .Matrix table thead td, .Skin .PGR .DragAndDrop .Items label, .Skin .QuestionBody ul.ChoiceStructure, .Skin .PGR .DragAndDrop .Group ul, .Skin .PGR .DragAndDrop .Group h2, .Skin .PGR .DragAndDrop .Items ul, .Skin .PGR .DragAndDrop .Items h2, .Skin .DD .QuestionBody table.ChoiceStructure, .Skin .PGR .DragAndDrop .NoColumns td.groupsContainerTd div ul, .Skin .PGR .DragAndDrop .NoColumns td.groupsContainerTd div h2, .Skin .SBS thead th, .Skin .SBS td, .Skin .SBS .Answers td, .Skin .SBS .Answers th, .SBS table.ChoiceStructure, .Skin .horizontalbar thead table.LabelDescriptions tr td, .Skin .horizontalbar thead tr td.NotApplicable, .QuestionBody th, .Skin .QuestionBody .MC .MAVR label, .Skin .QuestionBody .MC .SAVR label, .Skin .SBS thead th, .Skin .SBS td, .Skin .RO .DND ul li, .Skin .reg, .SkinInner .ChoiceStructure, .Skin thead, .Skin .GAP .ChoiceStructure thead th, .Skin .GAP .ChoiceStructure .c4, .Skin .GAP .ChoiceStructure th, .Skin .GAP .ChoiceStructure .WhyText, .SkinInner .ChoiceStructure .LightBG, .Skin .QuestionOuter.Highlight .Inner .reg, .Skin .QuestionOuter.Highlight .Inner .alt, .Skin .QuestionOuter.Highlight .Inner .ReadableAlt       ","styles":{"fontFamily":null,"fontSize":null,"fontWeight":null,"fontStyle":null,"textDecoration":null,"color":null}},"headerStyles":{"selector":".Skin div#Header","styles":{"color":null}},"footerStyles":{"selector":".Skin #Footer","styles":{"color":null}},"questionSeparatorStyles":{"selector":".Skin .Separator","styles":{"backgroundColor":null,"display":null}},"highlightStyles":{"selector":".Skin .QuestionOuter.Highlight .Inner, .Skin .QuestionOuter.Highlight .Inner .reg, .Skin .QuestionOuter.Highlight .Inner .alt, .Skin .QuestionOuter.Highlight .Inner .ReadableAlt","styles":{"backgroundColor":null}},"highlightStylesAlt":{"selector":".Skin .QuestionOuter.Highlight .Inner .ReadableAlt, .Skin .QuestionOuter.Highlight .Inner .LightBG","styles":{"backgroundColor":null}},"textEntryStyles":{"selector":".Skin select, .Skin .InputText","styles":{"color":null}},"borderStyles":{"selector":".Skin .CS .horizontalbar table.sliderGrid tr.xlabel th, .Skin .CS .horizontalbar .ylabel, .Skin .CS .horizontalbar table.sliderGrid tr td.value, .Skin .Slider .horizontalbar table.sliderGrid tr.xlabel th, .Skin .BorderColor, .Skin .DarkBorderColor, .Skin .Slider .horizontalbar table.sliderGrid tr td.value, .Skin thead, .Skin .GAP .ChoiceStructure thead th  ","styles":{"borderColor":null}},"altRowStyles":{"selector":".Skin .ReadableAlt, .Skin .LightBG","styles":{"backgroundColor":null}},"customCSS":null},"HighlightQuestions":"off","ResponseSummary":"No","SurveyName":"ego network template for david"}},{"SurveyID":"SV_2h7xjFtgjuCQpVk","Element":"SCO","PrimaryAttribute":"Scoring","SecondaryAttribute":null,"TertiaryAttribute":null,"Payload":{"ScoringCategories":[],"ScoringCategoryGroups":[],"ScoringSummaryCategory":null,"ScoringSummaryAfterQuestions":0,"ScoringSummaryAfterSurvey":0,"DefaultScoringCategory":null,"AutoScoringCategory":null}},{"SurveyID":"SV_2h7xjFtgjuCQpVk","Element":"PROJ","PrimaryAttribute":"CORE","SecondaryAttribute":null,"TertiaryAttribute":"1.1.0","Payload":{"ProjectCategory":"CORE","SchemaVersion":"1.1.0"}},{"SurveyID":"SV_2h7xjFtgjuCQpVk","Element":"STAT","PrimaryAttribute":"Survey Statistics","SecondaryAttribute":null,"TertiaryAttribute":null,"Payload":{"MobileCompatible":true,"ID":"Survey Statistics"}},{"SurveyID":"SV_2h7xjFtgjuCQpVk","Element":"QC","PrimaryAttribute":"Survey Question Count","SecondaryAttribute":"672","TertiaryAttribute":null,"Payload":null},{"SurveyID":"SV_2h7xjFtgjuCQpVk","Element":"QG","PrimaryAttribute":"QG_UxKURkwe3IBrAmC","SecondaryAttribute":"Default Quota Group","TertiaryAttribute":null,"Payload":{"ID":"QG_UxKURkwe3IBrAmC","Name":"Default Quota Group","Selected":true,"MultipleMatch":"PlaceInAll","Public":true,"Quotas":["QO_tmJsLieLGRNwhcz"]}},{"SurveyID":"SV_2h7xjFtgjuCQpVk","Element":"RS","PrimaryAttribute":"RS_7ZJRiRH5dFMKPxc","SecondaryAttribute":"Default Response Set","TertiaryAttribute":null,"Payload":null},{"SurveyID":"SV_2h7xjFtgjuCQpVk","Element":"SQ","PrimaryAttribute":"QID670","SecondaryAttribute":"For our purposes, the names themselves are not important. So, we don't need full names of the peo...","TertiaryAttribute":null,"Payload":{"QuestionText":"<span style=\"font-size:16px;\">For our purposes, the names themselves are not important. So, we don't need full names of the people you know. We simply ask that you provide names&nbsp;<em>you<\/em>&nbsp;will recognize for the 5 people.&nbsp;<\/span>\n\n<div>&nbsp;<\/div>\n\n<div><span style=\"font-size:16px;\">For example, instead of entering your mother's full name, you could just enter \"mother\" or \"mom.\" Instead of entering your friend, John Doe's full name, you could enter \"John D\".&nbsp;<\/span><\/div>\n\n<div>&nbsp;<\/div>\n\n<div><span style=\"font-size:16px;\">If you have more than one John D. in your network, you are welcome to figure out another naming system that would work for you. For example, \"John D. 1\" and \"John D. 2\" would work, just so long as&nbsp;you&nbsp;know who is who.<\/span>\n\n<div>&nbsp;<\/div>\n\n<div><span style=\"font-size:16px;\">After listing the 5 people, we will ask you questions about each person. Next, we will ask you about the connections between each of those 5 people.&nbsp;<\/span>\n\n<div>&nbsp;<\/div>\n\n<div><span style=\"font-size:16px;\">This survey will likely take about an hour.<\/span><\/div>\n<\/div>\n<\/div>","DefaultChoices":false,"DataExportTag":"inst3","QuestionID":"QID670","QuestionType":"DB","Selector":"TB","Configuration":{"QuestionDescriptionOption":"UseText"},"QuestionDescription":"For our purposes, the names themselves are not important. So, we don't need full names of the peo...","ChoiceOrder":[],"Validation":{"Settings":{"Type":"None"}},"GradingData":[],"Language":[],"DataVisibility":{"Private":false,"Hidden":false},"NextChoiceId":1,"NextAnswerId":1}},{"SurveyID":"SV_2h7xjFtgjuCQpVk","Element":"SQ","PrimaryAttribute":"QID14","SecondaryAttribute":"How emotionally close are you to ${q:\/\/QID8\/ChoiceTextEntryValue\/1}?","TertiaryAttribute":null,"Payload":{"QuestionText":"How emotionally close are you to ${q:\/\/QID8\/ChoiceTextEntryValue\/1}?","DataExportTag":"A1Close","QuestionType":"MC","Selector":"SAVR","SubSelector":"TX","Configuration":{"QuestionDescriptionOption":"UseText"},"QuestionDescription":"How emotionally close are you to ${q:\/\/QID8\/ChoiceTextEntryValue\/1}?","Choices":{"1":{"Display":"Not close at all"},"2":{"Display":"Less close"},"3":{"Display":"Somewhat close"},"4":{"Display":"Very close"},"5":{"Display":"Extremely close"},"6":{"Display":"Choose Not to Respond"}},"ChoiceOrder":[1,2,3,4,5,"6"],"Validation":{"Settings":{"ForceResponse":"ON","ForceResponseType":"ON","Type":"None"}},"GradingData":[],"Language":[],"QuestionID":"QID14","DefaultChoices":false,"RecodeValues":{"1":1,"2":2,"3":3,"4":4,"5":5,"6":""},"DataVisibility":{"Private":false,"Hidden":false}}},{"SurveyID":"SV_2h7xjFtgjuCQpVk","Element":"SQ","PrimaryAttribute":"QID24","SecondaryAttribute":"How emotionally close are you to ${q:\/\/QID8\/ChoiceTextEntryValue\/2}?","TertiaryAttribute":null,"Payload":{"QuestionText":"How emotionally close are you to ${q:\/\/QID8\/ChoiceTextEntryValue\/2}?","DefaultChoices":false,"DataExportTag":"2-5","QuestionType":"MC","Selector":"SAVR","SubSelector":"TX","Configuration":{"QuestionDescriptionOption":"UseText"},"QuestionDescription":"How emotionally close are you to ${q:\/\/QID8\/ChoiceTextEntryValue\/2}?","Choices":{"1":{"Display":"Not close at all"},"2":{"Display":"Less close"},"3":{"Display":"Somewhat close"},"4":{"Display":"Very close"},"5":{"Display":"Extremely close"},"6":{"Display":"Choose Not to Respond"}},"ChoiceOrder":[1,2,3,4,5,"6"],"Validation":{"Settings":{"ForceResponse":"ON","ForceResponseType":"ON","Type":"None"}},"RecodeValues":{"1":1,"2":2,"3":3,"4":4,"5":5,"6":""},"GradingData":[],"Language":[],"QuestionID":"QID24","DataVisibility":{"Private":false,"Hidden":false}}},{"SurveyID":"SV_2h7xjFtgjuCQpVk","Element":"SQ","PrimaryAttribute":"QID31","SecondaryAttribute":"How emotionally close are you to ${q:\/\/QID8\/ChoiceTextEntryValue\/3}?","TertiaryAttribute":null,"Payload":{"QuestionText":"How emotionally close are you to ${q:\/\/QID8\/ChoiceTextEntryValue\/3}?","DefaultChoices":false,"DataExportTag":"3-5","QuestionType":"MC","Selector":"SAVR","SubSelector":"TX","Configuration":{"QuestionDescriptionOption":"UseText"},"QuestionDescription":"How emotionally close are you to ${q:\/\/QID8\/ChoiceTextEntryValue\/3}?","Choices":{"1":{"Display":"Not close at all"},"2":{"Display":"Less close"},"3":{"Display":"Somewhat close"},"4":{"Display":"Very close"},"5":{"Display":"Extremely close"},"6":{"Display":"Choose Not to Respond"}},"ChoiceOrder":[1,2,3,4,5,"6"],"Validation":{"Settings":{"ForceResponse":"ON","ForceResponseType":"ON","Type":"None"}},"RecodeValues":{"1":1,"2":2,"3":3,"4":4,"5":5,"6":""},"GradingData":[],"Language":[],"QuestionID":"QID31","DataVisibility":{"Private":false,"Hidden":false}}},{"SurveyID":"SV_2h7xjFtgjuCQpVk","Element":"SQ","PrimaryAttribute":"QID38","SecondaryAttribute":"How emotionally close are you to ${q:\/\/QID8\/ChoiceTextEntryValue\/4}?","TertiaryAttribute":null,"Payload":{"QuestionText":"How emotionally close are you to ${q:\/\/QID8\/ChoiceTextEntryValue\/4}?","DefaultChoices":false,"DataExportTag":"4-5","QuestionType":"MC","Selector":"SAVR","SubSelector":"TX","Configuration":{"QuestionDescriptionOption":"UseText"},"QuestionDescription":"How emotionally close are you to ${q:\/\/QID8\/ChoiceTextEntryValue\/4}?","Choices":{"1":{"Display":"Not close at all"},"2":{"Display":"Less close"},"3":{"Display":"Somewhat close"},"4":{"Display":"Very close"},"5":{"Display":"Extremely close"},"6":{"Display":"Choose Not to Respond"}},"ChoiceOrder":[1,2,3,4,5,"6"],"Validation":{"Settings":{"ForceResponse":"ON","ForceResponseType":"ON","Type":"None"}},"RecodeValues":{"1":1,"2":2,"3":3,"4":4,"5":5,"6":""},"GradingData":[],"Language":[],"QuestionID":"QID38","DataVisibility":{"Private":false,"Hidden":false}}},{"SurveyID":"SV_2h7xjFtgjuCQpVk","Element":"SQ","PrimaryAttribute":"QID45","SecondaryAttribute":"How emotionally close are you to ${q:\/\/QID8\/ChoiceTextEntryValue\/5}?","TertiaryAttribute":null,"Payload":{"QuestionText":"How emotionally close are you to ${q:\/\/QID8\/ChoiceTextEntryValue\/5}?","DefaultChoices":false,"DataExportTag":"5-5","QuestionType":"MC","Selector":"SAVR","SubSelector":"TX","Configuration":{"QuestionDescriptionOption":"UseText"},"QuestionDescription":"How emotionally close are you to ${q:\/\/QID8\/ChoiceTextEntryValue\/5}?","Choices":{"1":{"Display":"Not close at all"},"2":{"Display":"Less close"},"3":{"Display":"Somewhat close"},"4":{"Display":"Very close"},"5":{"Display":"Extremely close"},"6":{"Display":"Choose Not to Respond"}},"ChoiceOrder":[1,2,3,4,5,"6"],"Validation":{"Settings":{"ForceResponse":"ON","ForceResponseType":"ON","Type":"None"}},"RecodeValues":{"1":1,"2":2,"3":3,"4":4,"5":5,"6":""},"GradingData":[],"Language":[],"QuestionID":"QID45","DataVisibility":{"Private":false,"Hidden":false}}},{"SurveyID":"SV_2h7xjFtgjuCQpVk","Element":"SQ","PrimaryAttribute":"QID11","SecondaryAttribute":"How old is ${q:\/\/QID8\/ChoiceTextEntryValue\/1}?","TertiaryAttribute":null,"Payload":{"QuestionText":"How old is ${q:\/\/QID8\/ChoiceTextEntryValue\/1}?","DataExportTag":"A1age","QuestionType":"MC","Selector":"SAVR","SubSelector":"TX","Configuration":{"QuestionDescriptionOption":"UseText"},"QuestionDescription":"How old is ${q:\/\/QID8\/ChoiceTextEntryValue\/1}?","Choices":{"1":{"Display":"0-18"},"2":{"Display":"19-30"},"3":{"Display":"31-39"},"4":{"Display":"40-49"},"5":{"Display":"50-59"},"6":{"Display":"60-69"},"7":{"Display":"70-79"},"8":{"Display":"80-89"},"9":{"Display":"90+"},"10":{"Display":"Choose Not to Respond"}},"ChoiceOrder":[1,2,3,4,5,6,7,8,9,"10"],"Validation":{"Settings":{"ForceResponse":"ON","ForceResponseType":"ON","Type":"None"}},"Language":[],"QuestionID":"QID11","GradingData":[],"DataVisibility":{"Private":false,"Hidden":false},"RecodeValues":{"1":1,"2":2,"3":3,"4":4,"5":5,"6":6,"7":7,"8":8,"9":9,"10":""}}},{"SurveyID":"SV_2h7xjFtgjuCQpVk","Element":"SQ","PrimaryAttribute":"QID21","SecondaryAttribute":"How old is ${q:\/\/QID8\/ChoiceTextEntryValue\/2}?","TertiaryAttribute":null,"Payload":{"QuestionText":"How old is ${q:\/\/QID8\/ChoiceTextEntryValue\/2}?","DataExportTag":"2-2","QuestionType":"MC","Selector":"SAVR","SubSelector":"TX","Configuration":{"QuestionDescriptionOption":"UseText"},"QuestionDescription":"How old is ${q:\/\/QID8\/ChoiceTextEntryValue\/2}?","Choices":{"1":{"Display":"0-18"},"2":{"Display":"19-30"},"3":{"Display":"31-39"},"4":{"Display":"40-49"},"5":{"Display":"50-59"},"6":{"Display":"60-69"},"7":{"Display":"70-79"},"8":{"Display":"80-89"},"9":{"Display":"90+"},"10":{"Display":"Choose Not to Respond"}},"ChoiceOrder":[1,2,3,4,5,6,7,8,9,"10"],"Validation":{"Settings":{"ForceResponse":"ON","ForceResponseType":"ON","Type":"None"}},"GradingData":[],"Language":[],"QuestionID":"QID21","DataVisibility":{"Private":false,"Hidden":false},"RecodeValues":{"1":1,"2":2,"3":3,"4":4,"5":5,"6":6,"7":7,"8":8,"9":9,"10":""}}},{"SurveyID":"SV_2h7xjFtgjuCQpVk","Element":"SQ","PrimaryAttribute":"QID28","SecondaryAttribute":"How old is ${q:\/\/QID8\/ChoiceTextEntryValue\/3}?","TertiaryAttribute":null,"Payload":{"QuestionText":"How old is ${q:\/\/QID8\/ChoiceTextEntryValue\/3}?","DataExportTag":"3-2","QuestionType":"MC","Selector":"SAVR","SubSelector":"TX","Configuration":{"QuestionDescriptionOption":"UseText"},"QuestionDescription":"How old is ${q:\/\/QID8\/ChoiceTextEntryValue\/3}?","Choices":{"1":{"Display":"0-18"},"2":{"Display":"19-30"},"3":{"Display":"31-39"},"4":{"Display":"40-49"},"5":{"Display":"50-59"},"6":{"Display":"60-69"},"7":{"Display":"70-79"},"8":{"Display":"80-89"},"9":{"Display":"90+"},"10":{"Display":"Choose Not to Respond"}},"ChoiceOrder":[1,2,3,4,5,6,7,8,9,"10"],"Validation":{"Settings":{"ForceResponse":"ON","ForceResponseType":"ON","Type":"None"}},"GradingData":[],"Language":[],"QuestionID":"QID28","DataVisibility":{"Private":false,"Hidden":false},"RecodeValues":{"1":1,"2":2,"3":3,"4":4,"5":5,"6":6,"7":7,"8":8,"9":9,"10":""}}},{"SurveyID":"SV_2h7xjFtgjuCQpVk","Element":"SQ","PrimaryAttribute":"QID35","SecondaryAttribute":"How old is ${q:\/\/QID8\/ChoiceTextEntryValue\/4}?","TertiaryAttribute":null,"Payload":{"QuestionText":"How old is ${q:\/\/QID8\/ChoiceTextEntryValue\/4}?","DataExportTag":"4-2","QuestionType":"MC","Selector":"SAVR","SubSelector":"TX","Configuration":{"QuestionDescriptionOption":"UseText"},"QuestionDescription":"How old is ${q:\/\/QID8\/ChoiceTextEntryValue\/4}?","Choices":{"1":{"Display":"0-18"},"2":{"Display":"19-30"},"3":{"Display":"31-39"},"4":{"Display":"40-49"},"5":{"Display":"50-59"},"6":{"Display":"60-69"},"7":{"Display":"70-79"},"8":{"Display":"80-89"},"9":{"Display":"90+"},"10":{"Display":"Choose Not to Respond"}},"ChoiceOrder":[1,2,3,4,5,6,7,8,9,"10"],"Validation":{"Settings":{"ForceResponse":"ON","ForceResponseType":"ON","Type":"None"}},"GradingData":[],"Language":[],"QuestionID":"QID35","DataVisibility":{"Private":false,"Hidden":false},"RecodeValues":{"1":1,"2":2,"3":3,"4":4,"5":5,"6":6,"7":7,"8":8,"9":9,"10":""}}},{"SurveyID":"SV_2h7xjFtgjuCQpVk","Element":"SQ","PrimaryAttribute":"QID42","SecondaryAttribute":"How old is ${q:\/\/QID8\/ChoiceTextEntryValue\/5}?","TertiaryAttribute":null,"Payload":{"QuestionText":"How old is ${q:\/\/QID8\/ChoiceTextEntryValue\/5}?","DataExportTag":"5-2","QuestionType":"MC","Selector":"SAVR","SubSelector":"TX","Configuration":{"QuestionDescriptionOption":"UseText"},"QuestionDescription":"How old is ${q:\/\/QID8\/ChoiceTextEntryValue\/5}?","Choices":{"1":{"Display":"0-18"},"2":{"Display":"19-30"},"3":{"Display":"31-39"},"4":{"Display":"40-49"},"5":{"Display":"50-59"},"6":{"Display":"60-69"},"7":{"Display":"70-79"},"8":{"Display":"80-89"},"9":{"Display":"90+"},"10":{"Display":"Choose Not to Respond"}},"ChoiceOrder":[1,2,3,4,5,6,7,8,9,"10"],"Validation":{"Settings":{"ForceResponse":"ON","ForceResponseType":"ON","Type":"None"}},"GradingData":[],"Language":[],"QuestionID":"QID42","DataVisibility":{"Private":false,"Hidden":false},"RecodeValues":{"1":1,"2":2,"3":3,"4":4,"5":5,"6":6,"7":7,"8":8,"9":9,"10":""}}},{"SurveyID":"SV_2h7xjFtgjuCQpVk","Element":"SQ","PrimaryAttribute":"QID665","SecondaryAttribute":"In the next part of this study, we are interested in how people's social networks influence their...","TertiaryAttribute":null,"Payload":{"QuestionText":"In the next part of this study, we are interested in how people's social networks influence their hurricane-related decision-making. A social network is the network or web&nbsp;of connections between people that a person knows.&nbsp;<div><br><\/div><div>To get an idea of your social network,&nbsp;we will ask you to list the names of 5 people you know by sight or name anywhere in the world that you have had contact with at some point in the past two years and especially those you would rely on before, during, and after a hurricane.&nbsp;<\/div><div><br><\/div><div>After listing the 5 people, we will ask you questions about each of them. Then, we will ask you about the connections between each of those 5 people. This survey is lengthy and will likely take about an hour.<\/div><div><br><\/div><div>Thank you in advance for your participation!<\/div>","DefaultChoices":false,"DataExportTag":"Q665","QuestionID":"QID665","QuestionType":"DB","Selector":"TB","Configuration":{"QuestionDescriptionOption":"UseText"},"QuestionDescription":"In the next part of this study, we are interested in how people's social networks influence their...","ChoiceOrder":[],"Validation":{"Settings":{"Type":"None"}},"GradingData":[],"Language":[],"DataVisibility":{"Private":false,"Hidden":false},"NextChoiceId":1,"NextAnswerId":1}},{"SurveyID":"SV_2h7xjFtgjuCQpVk","Element":"SQ","PrimaryAttribute":"QID666","SecondaryAttribute":"In the next part of this study, we are interested in how people's social networks influence their...","TertiaryAttribute":null,"Payload":{"QuestionText":"<span style=\"font-family:arial,helvetica,sans-serif;\"><span style=\"color: rgb(0, 0, 0); font-size: 16px;\">In the next part of this study, we are interested in how people's social networks influence their hurricane-related decision-making. A social network is the network or web&nbsp;of connections between the people that a person knows.&nbsp;<br>\n<br><br><\/span><\/span><div><div>\n<\/div>\n<\/div>","DefaultChoices":false,"DataExportTag":"inst1","QuestionID":"QID666","QuestionType":"DB","Selector":"TB","Configuration":{"QuestionDescriptionOption":"UseText"},"QuestionDescription":"In the next part of this study, we are interested in how people's social networks influence their...","ChoiceOrder":[],"Validation":{"Settings":{"Type":"None"}},"GradingData":[],"Language":[],"DataVisibility":{"Private":false,"Hidden":false},"NextChoiceId":1,"NextAnswerId":1}},{"SurveyID":"SV_2h7xjFtgjuCQpVk","Element":"SQ","PrimaryAttribute":"QID661","SecondaryAttribute":"Informed Consent Please read this consent document carefully before you decide to participate in...","TertiaryAttribute":null,"Payload":{"QuestionText":"<p><span style=\"font-size:16px;\"><span style=\"font-family:arial,helvetica,sans-serif;\"><strong>Informed Consent<\/strong><\/span><\/span><br>\n<em><span style=\"font-size:12.0pt;font-family:&quot;Times New Roman&quot;,serif\"><o:p><\/o:p><\/span><\/em><\/p>\n\n<p><br><\/p><p><span style=\"font-size:16px;\"><span style=\"font-family:arial,helvetica,sans-serif;\">Please read this consent document carefully before you decide to participate in this study.<\/span><\/span> <br><\/p><p><br><\/p>\n\n<p><span style=\"font-size:16px;\"><span style=\"font-family:arial,helvetica,sans-serif;\"><strong>Protocol Title: I<\/strong>ndividual Differences in Threat Perception of Extreme Weather Events<\/span><span style=\"font-family:arial,helvetica,sans-serif;\"><\/span><\/span><span style=\"font-size:16px;\"><\/span><span style=\"font-family:&quot;Times New Roman&quot;,serif;mso-fareast-font-family:&quot;Times New Roman&quot;\"><o:p><\/o:p><\/span><\/p>\n\n<p><span style=\"font-family:&quot;Times New Roman&quot;,serif;\nmso-bidi-font-weight:bold\"><o:p><\/o:p><\/span><\/p>\n\n<p>&nbsp;<\/p>\n\n<p><span style=\"font-size:16px;\"><span style=\"font-family:arial,helvetica,sans-serif;\"><strong>Purpose of the research study: <\/strong>To determine how individual differences and social networks relate to people\u2019s decisions about extreme weather events.<\/span><\/span><span style=\"font-family:&quot;Times New Roman&quot;,serif\"><strong><o:p><\/o:p><\/strong><\/span><\/p>\n\n<p>&nbsp;<\/p>\n\n<p><span style=\"font-size:16px;\"><span style=\"font-family:arial,helvetica,sans-serif;\"><strong>What you will be asked to do in this study:&nbsp;<\/strong><\/span><\/span><span style=\"font-family: arial, helvetica, sans-serif; font-size: 16px;\">You must be 18 years or older to participate. For Part 1, you will complete an online survey that asks questions about your personality traits, your social network, and behaviors you would do or have done before, during, and after a hurricane. &nbsp;For part 2, we ask you to list 5 people you know and who you might rely on before a hurricane. &nbsp;This includes people living anywhere in the world you know by sight or name. You must have had some contact with them in the last 2 years, and be able to contact them today. After the list, you will answer questions about each person such as whether you talked to them before Hurricane Matthew and whether they know each other.). We will also ask you to complete some demographic questions (e.g., age, gender). You do not have to answer any question that you do not wish to answer.<\/span><\/p>\n\n<p>&nbsp;<\/p>\n\n<p><span style=\"font-size:16px;\"><span style=\"font-family:arial,helvetica,sans-serif;\"><strong>Time required:&nbsp;<\/strong> This study should take approximately 60 minutes to complete.<\/span><\/span><strong><span style=\"font-family:\n&quot;Times New Roman&quot;,serif\"><o:p><\/o:p><\/span><\/strong><\/p>\n\n<p>&nbsp;<\/p>\n\n<p><span style=\"font-size:16px;\"><span style=\"font-family:arial,helvetica,sans-serif;\"><strong>Risks and Benefits: <\/strong>We do not anticipate that you will benefit directly by participating in this study. We do not anticipate any risks associated with participating in the study.<\/span><\/span><span style=\"font-family:&quot;Times New Roman&quot;,serif\"><strong><o:p><\/o:p><\/strong><\/span><\/p>\n\n<p>&nbsp;<\/p>\n\n<p><span style=\"font-size:16px;\"><span style=\"font-family:arial,helvetica,sans-serif;\"><strong>Compensation: <\/strong>You will be compensated the amount you agreed upon before you entered the survey.<\/span><\/span><span style=\"font-family:&quot;Times New Roman&quot;,serif\"><o:p><\/o:p><\/span><\/p>\n\n<p>&nbsp;<\/p>\n\n<p><span style=\"font-size:16px;\"><span style=\"font-family:arial,helvetica,sans-serif;\"><strong>Confidentiality: <\/strong><span style=\"color: rgb(40, 40, 40); background-image: initial; background-position: initial; background-size: initial; background-repeat: initial; background-attachment: initial; background-origin: initial; background-clip: initial;\">Your identity will be kept confidential to the extent provided by law. Your information will be assigned a code number. The list connecting your name to this number will be kept in a secure encrypted file. When the study is completed and the data have been analyzed, the list will be destroyed. Your name will not be used in any report.<\/span><\/span><\/span><span style=\"font-family:&quot;Times New Roman&quot;,serif;mso-fareast-font-family:&quot;Times New Roman&quot;\"><o:p><\/o:p><\/span><\/p>\n\n<p>&nbsp;<\/p>\n\n<p><span style=\"font-size:16px;\"><span style=\"font-family:arial,helvetica,sans-serif;\"><strong>Voluntary Participation: <\/strong>Your participation in this study is completely voluntary. There is no penalty for not participating. <\/span><\/span><span style=\"font-family:&quot;Times New Roman&quot;,serif\"><strong><o:p><\/o:p><\/strong><\/span><\/p>\n\n<p>&nbsp;<\/p>\n\n<p><span style=\"font-size:16px;\"><span style=\"font-family:arial,helvetica,sans-serif;\"><strong>Right to withdraw from the study:<\/strong> You have the right to withdraw from the study at any time.<\/span><\/span><\/p>\n\n<p><span style=\"font-size:16px;\"><span style=\"font-family:arial,helvetica,sans-serif;\">&nbsp; <\/span><\/span><span style=\"font-family:&quot;Times New Roman&quot;,serif\"><o:p><\/o:p><\/span><\/p>\n\n<p><span style=\"font-size:16px;\"><span style=\"font-family:arial,helvetica,sans-serif;\"><strong>Who to contact if you have questions about the study: <\/strong>The principal investigator is xx. Please contact xx if you have any questions or concerns about your participation in the research.<\/span><\/span><span style=\"font-family:&quot;Times New Roman&quot;,serif\"><strong><o:p><\/o:p><\/strong><\/span><\/p>\n\n<p><span style=\"font-size:16px;\"><span style=\"font-family:arial,helvetica,sans-serif;\"><strong><\/strong><br><\/span><\/span><span style=\"font-family:&quot;Times New Roman&quot;,serif\"><strong><o:p><\/o:p><\/strong><\/span><\/p>\n\n<p><span style=\"font-size:16px;\"><span style=\"font-family:arial,helvetica,sans-serif;\"><strong>Consent: <\/strong>Clicking the \u201cAgree\u201d button below certifies that:<\/span><\/span><span style=\"font-family:&quot;Times New Roman&quot;,serif\"><strong><o:p><\/o:p><\/strong><\/span><o:p><span style=\"font-size:16px;\"><span style=\"font-family:arial,helvetica,sans-serif;\">&nbsp;<\/span><\/span><\/o:p><\/p>\n\n<p><o:p><\/o:p><\/p>\n\n<p><o:p><\/o:p><\/p>\n<u><span style=\"font-size:16px;\"><span style=\"font-family:arial,helvetica,sans-serif;\"><span style=\"font-variant-numeric: normal; font-stretch: normal; line-height: normal;\">&nbsp;<\/span>I have read the conditions and procedures of this research project, as described in this Informed Consent. <\/span><span style=\"font-family:arial,helvetica,sans-serif;\">I know whom to contact if I have additional questions about the research or my rights as a participant.<\/span><\/span><o:p><\/o:p> <span style=\"font-size:16px;\"><span style=\"font-family:arial,helvetica,sans-serif;\">Any information provided by me as a result of my participation in this research will be kept confidential to the extent provided by the law.<\/span><\/span><o:p><\/o:p> <span style=\"font-size:16px;\"><span style=\"font-family:arial,helvetica,sans-serif;\">I wish to participate in the study. I agree to follow the conditions and procedures described in this Informed Consent.<\/span><\/span><o:p><\/o:p> <span style=\"font-size:16px;\"><span style=\"font-family:arial,helvetica,sans-serif;\">I can request to receive a copy of this consent form by contacting xx<\/span><\/span><o:p><\/o:p> <\/u>","DefaultChoices":false,"DataExportTag":"IC","QuestionType":"MC","Selector":"SAHR","SubSelector":"TX","Configuration":{"QuestionDescriptionOption":"UseText","LabelPosition":"BELOW"},"QuestionDescription":"Informed Consent Please read this consent document carefully before you decide to participate in...","Choices":{"1":{"Display":"<span style=\"font-size:16px;\"><span style=\"font-family:arial,helvetica,sans-serif;\">I agree and wish to participate<\/span><\/span>"},"2":{"Display":"<span style=\"font-size:16px;\"><span style=\"font-family:arial,helvetica,sans-serif;\">I do not agree and do not wish to participate<\/span><\/span>"}},"ChoiceOrder":[1,2],"Validation":{"Settings":{"ForceResponse":"ON","ForceResponseType":"ON","Type":"None"}},"GradingData":[],"Language":[],"QuestionID":"QID661","DataVisibility":{"Private":false,"Hidden":false},"NextChoiceId":3,"NextAnswerId":1}},{"SurveyID":"SV_2h7xjFtgjuCQpVk","Element":"QO","PrimaryAttribute":"QO_tmJsLieLGRNwhcz","SecondaryAttribute":"Overall Quota","TertiaryAttribute":null,"Payload":{"Name":"Overall Quota","Occurrences":313,"Logic":{"0":{"0":{"LogicType":"EmbeddedField","LeftOperand":"gc","Operator":"EqualTo","RightOperand":"1","Type":"Expression","Description":"<span class=\"ConjDesc\">If<\/span>  <span class=\"LeftOpDesc\">gc<\/span> <span class=\"OpDesc\">Is Equal to<\/span> <span class=\"RightOpDesc\"> 1 <\/span>"},"Type":"If"},"Type":"BooleanExpression"},"LogicType":"Simple","QuotaAction":"ForBranching","ActionInfo":{"0":{"0":{"ActionType":"ForBranching","Type":"Expression","LogicType":"QuotaAction"},"Type":"If"},"Type":"BooleanExpression"},"ID":"QO_tmJsLieLGRNwhcz","QuotaRealm":"Survey","QuotaSchedule":null,"EndSurveyOptions":{"EndingType":"Default","ResponseFlag":"QuotaMet","SurveyTermination":"DefaultMessage"}}},{"SurveyID":"SV_2h7xjFtgjuCQpVk","Element":"SQ","PrimaryAttribute":"QID8","SecondaryAttribute":"Please list 5 people you know. This includes people living anywhere in the world you know by sigh...","TertiaryAttribute":null,"Payload":{"QuestionText":"<p><span style=\"font-size:16px;\"><span style=\"font-family:arial,helvetica,sans-serif;\">Please list 5 people you know. This includes people living anywhere in the world you know by sight or name. You must have had some contact with them in the last 2 years, and be able to contact them today.&nbsp; Make sure you start with people you might rely on before a hurricane.&nbsp;<\/span><\/span><\/p>\n\n<p>&nbsp;<\/p>\n\n<p><span style=\"font-size:16px;\"><span style=\"font-family:arial,helvetica,sans-serif;\">As a reminder, we do not need full names of the people you know. We simply ask that you provide names&nbsp;<i>you<\/i>&nbsp;will recognize for the 5 people.&nbsp;<\/span><\/span><\/p>\n\n<p>&nbsp;<\/p>\n\n<p><span style=\"font-size:16px;\"><span style=\"font-family:arial,helvetica,sans-serif;\">If you do not know someone's name, or prefer not to use someone's name, enter any name for them that you would recognize later. For example, if you see the convenience store clerk everyday but don't know their name, just enter \"convenience store clerk\" or \"clerk.\"&nbsp;<\/span><\/span><\/p>","DefaultChoices":false,"DataExportTag":"AlterList","QuestionID":"QID8","QuestionType":"TE","Selector":"FORM","Configuration":{"QuestionDescriptionOption":"UseText","AllowFreeResponse":"false"},"QuestionDescription":"Please list 5 people you know. This includes people living anywhere in the world you know by sigh...","Choices":{"1":{"Display":"1","TextEntry":"on","InputHeight":29,"InputWidth":145,"TextEntryValidation":"ValidTextOnly"},"2":{"Display":"2","TextEntry":"on","InputHeight":29,"InputWidth":145,"TextEntryValidation":"ValidTextOnly"},"3":{"Display":"3","TextEntry":"on","InputHeight":29,"InputWidth":145,"TextEntryValidation":"ValidTextOnly"},"4":{"Display":"4","TextEntry":"on","InputHeight":29,"InputWidth":145,"TextEntryValidation":"ValidTextOnly"},"5":{"Display":"5","TextEntry":"on","InputHeight":29,"InputWidth":145,"TextEntryValidation":"ValidTextOnly"}},"ChoiceOrder":[1,2,3,4,5],"Validation":{"Settings":{"ForceResponse":"OFF","ForceResponseType":"ON","Type":"CustomValidation","CustomValidation":{"Logic":{"0":{"0":{"QuestionID":"QID8","QuestionIsInLoop":"no","ChoiceLocator":"q:\/\/QID8\/ChoiceTextEntryValue\/1","Operator":"NotEmpty","QuestionIDFromLocator":"QID8","LeftOperand":"q:\/\/QID8\/ChoiceTextEntryValue\/1","Type":"Expression","LogicType":"Question","Description":"<span class=\"ConjDesc\">If<\/span> <span class=\"QuestionDesc\">Please list 5 people you know. This includes people living anywhere in the world you know by sigh...<\/span> <span class=\"LeftOpDesc\">1<\/span> <span class=\"OpDesc\">Is Not Empty<\/span> "},"1":{"QuestionID":"QID8","QuestionIsInLoop":"no","ChoiceLocator":"q:\/\/QID8\/ChoiceTextEntryValue\/2","Operator":"NotEmpty","QuestionIDFromLocator":"QID8","LeftOperand":"q:\/\/QID8\/ChoiceTextEntryValue\/2","Type":"Expression","LogicType":"Question","Description":"<span class=\"ConjDesc\">And<\/span> <span class=\"QuestionDesc\">Please list 5 people you know. This includes people living anywhere in the world you know by sigh...<\/span> <span class=\"LeftOpDesc\">2<\/span> <span class=\"OpDesc\">Is Not Empty<\/span> ","Conjuction":"And"},"2":{"QuestionID":"QID8","QuestionIsInLoop":"no","ChoiceLocator":"q:\/\/QID8\/ChoiceTextEntryValue\/3","Operator":"NotEmpty","QuestionIDFromLocator":"QID8","LeftOperand":"q:\/\/QID8\/ChoiceTextEntryValue\/3","Type":"Expression","LogicType":"Question","Description":"<span class=\"ConjDesc\">And<\/span> <span class=\"QuestionDesc\">Please list 5 people you know. This includes people living anywhere in the world you know by sigh...<\/span> <span class=\"LeftOpDesc\">3<\/span> <span class=\"OpDesc\">Is Not Empty<\/span> ","Conjuction":"And"},"3":{"QuestionID":"QID8","QuestionIsInLoop":"no","ChoiceLocator":"q:\/\/QID8\/ChoiceTextEntryValue\/4","Operator":"NotEmpty","QuestionIDFromLocator":"QID8","LeftOperand":"q:\/\/QID8\/ChoiceTextEntryValue\/4","Type":"Expression","LogicType":"Question","Description":"<span class=\"ConjDesc\">And<\/span> <span class=\"QuestionDesc\">Please list 5 people you know. This includes people living anywhere in the world you know by sigh...<\/span> <span class=\"LeftOpDesc\">4<\/span> <span class=\"OpDesc\">Is Not Empty<\/span> ","Conjuction":"And"},"4":{"QuestionID":"QID8","QuestionIsInLoop":"no","ChoiceLocator":"q:\/\/QID8\/ChoiceTextEntryValue\/5","Operator":"NotEmpty","QuestionIDFromLocator":"QID8","LeftOperand":"q:\/\/QID8\/ChoiceTextEntryValue\/5","Type":"Expression","LogicType":"Question","Description":"<span class=\"ConjDesc\">And<\/span> <span class=\"QuestionDesc\">Please list 5 people you know. This includes people living anywhere in the world you know by sigh...<\/span> <span class=\"LeftOpDesc\">5<\/span> <span class=\"OpDesc\">Is Not Empty<\/span> ","Conjuction":"And"},"Type":"If"},"Type":"BooleanExpression"},"Message":{"messageID":"MS_d4rBDRDeIrVp7Wl","subMessageID":"VE_CUSTOM_VALIDATION_0","libraryID":"UR_88HYbFS6tmirPrn","description":"Enter all 30 names"}}}},"GradingData":[],"Language":[],"DataVisibility":{"Private":false,"Hidden":false},"NextChoiceId":31,"NextAnswerId":1,"SearchSource":{"AllowFreeResponse":"false"}}},{"SurveyID":"SV_2h7xjFtgjuCQpVk","Element":"SQ","PrimaryAttribute":"QID659","SecondaryAttribute":"Thank you for your participation!","TertiaryAttribute":null,"Payload":{"QuestionText":"Thank you for your participation!<div><br><\/div>","DefaultChoices":false,"DataExportTag":"Q659","QuestionType":"DB","Selector":"TB","Configuration":{"QuestionDescriptionOption":"UseText"},"QuestionDescription":"Thank you for your participation!","ChoiceOrder":[],"Validation":{"Settings":{"Type":"None"}},"GradingData":[],"Language":[],"QuestionID":"QID659","DataVisibility":{"Private":false,"Hidden":false}}},{"SurveyID":"SV_2h7xjFtgjuCQpVk","Element":"SQ","PrimaryAttribute":"QID667","SecondaryAttribute":"Timing","TertiaryAttribute":null,"Payload":{"QuestionText":"Timing","DefaultChoices":false,"DataExportTag":"Q667","QuestionType":"Timing","Selector":"PageTimer","Configuration":{"QuestionDescriptionOption":"UseText","MinSeconds":8,"MaxSeconds":"0"},"QuestionDescription":"Timing","Choices":{"1":{"Display":"First Click"},"2":{"Display":"Last Click"},"3":{"Display":"Page Submit"},"4":{"Display":"Click Count"}},"GradingData":[],"Language":[],"QuestionID":"QID667"}},{"SurveyID":"SV_2h7xjFtgjuCQpVk","Element":"SQ","PrimaryAttribute":"QID669","SecondaryAttribute":"Timing","TertiaryAttribute":null,"Payload":{"QuestionText":"Timing","DefaultChoices":false,"DataExportTag":"Q669","QuestionType":"Timing","Selector":"PageTimer","Configuration":{"QuestionDescriptionOption":"UseText","MinSeconds":8,"MaxSeconds":"0"},"QuestionDescription":"Timing","Choices":{"1":{"Display":"First Click"},"2":{"Display":"Last Click"},"3":{"Display":"Page Submit"},"4":{"Display":"Click Count"}},"GradingData":[],"Language":[],"QuestionID":"QID669"}},{"SurveyID":"SV_2h7xjFtgjuCQpVk","Element":"SQ","PrimaryAttribute":"QID671","SecondaryAttribute":"Timing","TertiaryAttribute":null,"Payload":{"QuestionText":"Timing","DefaultChoices":false,"DataExportTag":"Q671","QuestionType":"Timing","Selector":"PageTimer","Configuration":{"QuestionDescriptionOption":"UseText","MinSeconds":15,"MaxSeconds":"0"},"QuestionDescription":"Timing","Choices":{"1":{"Display":"First Click"},"2":{"Display":"Last Click"},"3":{"Display":"Page Submit"},"4":{"Display":"Click Count"}},"GradingData":[],"Language":[],"QuestionID":"QID671"}},{"SurveyID":"SV_2h7xjFtgjuCQpVk","Element":"SQ","PrimaryAttribute":"QID668","SecondaryAttribute":"To get an idea of your social network,\u00a0we will ask you to list the names of 5 people you know by...","TertiaryAttribute":null,"Payload":{"QuestionText":"<span style=\"font-family: arial, helvetica, sans-serif;\"><span style=\"color: rgb(0, 0, 0); font-size: 16px;\">To get an idea of your social network,&nbsp;we will ask you to list the names of 5 people you know by sight or name anywhere in the world that you have had contact with at some point in the past two years and especially those you would rely on before a hurricane.&nbsp;<\/span><\/span><div>&nbsp;<\/div><div><br><\/div>","DefaultChoices":false,"DataExportTag":"inst2","QuestionID":"QID668","QuestionType":"DB","Selector":"TB","Configuration":{"QuestionDescriptionOption":"UseText"},"QuestionDescription":"To get an idea of your social network,\u00a0we will ask you to list the names of 5 people you know by...","ChoiceOrder":[],"Validation":{"Settings":{"Type":"None"}},"GradingData":[],"Language":[],"DataVisibility":{"Private":false,"Hidden":false},"NextChoiceId":1,"NextAnswerId":1}},{"SurveyID":"SV_2h7xjFtgjuCQpVk","Element":"SQ","PrimaryAttribute":"QID664","SecondaryAttribute":"We care about the quality of our data. In order for us to get the most accurate measures of your...","TertiaryAttribute":null,"Payload":{"QuestionText":"<p>We care about the quality of our data. In order for us to get the most accurate measures of your opinions, it is important that you thoughtfully provide your best answers to each question in this survey.<\/p><p><br><\/p><p><span style=\"font-weight: 700;\">Do you commit to thoughtfully provide your best answers to each question in this survey?<\/span><\/p>","DataExportTag":"Q664","QuestionType":"MC","Selector":"SAVR","SubSelector":"TX","Configuration":{"QuestionDescriptionOption":"UseText"},"QuestionDescription":"We care about the quality of our data. In order for us to get the most accurate measures of your...","Choices":{"1":{"Display":"I will provide my best answers"},"2":{"Display":"I will not provide my best answers"},"3":{"Display":"I can\u2019t promise either way"}},"ChoiceOrder":["1","2","3"],"Validation":{"Settings":{"ForceResponse":"ON","ForceResponseType":"ON","Type":"None"}},"Language":[],"QuestionID":"QID664","DataVisibility":{"Private":false,"Hidden":false},"NextChoiceId":4,"NextAnswerId":1}},{"SurveyID":"SV_2h7xjFtgjuCQpVk","Element":"SQ","PrimaryAttribute":"QID13","SecondaryAttribute":"What city does ${q:\/\/QID8\/ChoiceTextEntryValue\/1} live? If you don't know the exact city, please...","TertiaryAttribute":null,"Payload":{"QuestionText":"What city does ${q:\/\/QID8\/ChoiceTextEntryValue\/1} live? If you don't know the exact city, please list the closest large city to them.&nbsp;","DefaultChoices":false,"DataExportTag":"A1Location","QuestionID":"QID13","QuestionType":"TE","Selector":"FORM","Configuration":{"QuestionDescriptionOption":"UseText"},"QuestionDescription":"What city does ${q:\/\/QID8\/ChoiceTextEntryValue\/1} live? If you don't know the exact city, please...","Choices":{"1":{"Display":"City","InputHeight":29,"InputWidth":172,"TextEntry":"on"},"2":{"Display":"State","InputHeight":29,"InputWidth":172,"TextEntry":"on"}},"ChoiceOrder":[1,2],"Validation":{"Settings":{"ForceResponse":"RequestResponse","ForceResponseType":"RequestResponse","Type":null}},"GradingData":[],"Language":[],"DataVisibility":{"Private":false,"Hidden":false}}},{"SurveyID":"SV_2h7xjFtgjuCQpVk","Element":"SQ","PrimaryAttribute":"QID23","SecondaryAttribute":"What city does ${q:\/\/QID8\/ChoiceTextEntryValue\/2} live? If you don't know the exact city, please...","TertiaryAttribute":null,"Payload":{"QuestionText":"What city does ${q:\/\/QID8\/ChoiceTextEntryValue\/2} live? If you don't know the exact city, please list the closest large city to them.","DefaultChoices":false,"DataExportTag":"2-4","QuestionType":"TE","Selector":"FORM","Configuration":{"QuestionDescriptionOption":"UseText"},"QuestionDescription":"What city does ${q:\/\/QID8\/ChoiceTextEntryValue\/2} live? If you don't know the exact city, please...","Choices":{"1":{"Display":"City","InputHeight":29,"InputWidth":172,"TextEntry":"on"},"2":{"Display":"State","InputHeight":29,"InputWidth":172,"TextEntry":"on"}},"ChoiceOrder":[1,2],"Validation":{"Settings":{"ForceResponse":"RequestResponse","ForceResponseType":"RequestResponse","Type":null}},"GradingData":[],"Language":[],"QuestionID":"QID23","DataVisibility":{"Private":false,"Hidden":false}}},{"SurveyID":"SV_2h7xjFtgjuCQpVk","Element":"SQ","PrimaryAttribute":"QID30","SecondaryAttribute":"What city does ${q:\/\/QID8\/ChoiceTextEntryValue\/3} live? If you don't know the exact city, please...","TertiaryAttribute":null,"Payload":{"QuestionText":"What city does ${q:\/\/QID8\/ChoiceTextEntryValue\/3} live? If you don't know the exact city, please list the closest large city to them.&nbsp;","DefaultChoices":false,"DataExportTag":"3-4","QuestionType":"TE","Selector":"FORM","Configuration":{"QuestionDescriptionOption":"UseText"},"QuestionDescription":"What city does ${q:\/\/QID8\/ChoiceTextEntryValue\/3} live? If you don't know the exact city, please...","Choices":{"1":{"Display":"City","InputHeight":29,"InputWidth":172,"TextEntry":"on"},"2":{"Display":"State","InputHeight":29,"InputWidth":172,"TextEntry":"on"}},"ChoiceOrder":[1,2],"Validation":{"Settings":{"ForceResponse":"RequestResponse","ForceResponseType":"RequestResponse","Type":null}},"GradingData":[],"Language":[],"QuestionID":"QID30","DataVisibility":{"Private":false,"Hidden":false}}},{"SurveyID":"SV_2h7xjFtgjuCQpVk","Element":"SQ","PrimaryAttribute":"QID37","SecondaryAttribute":"What city does ${q:\/\/QID8\/ChoiceTextEntryValue\/4} live? If you don't know the exact city, please...","TertiaryAttribute":null,"Payload":{"QuestionText":"What city does ${q:\/\/QID8\/ChoiceTextEntryValue\/4} live? If you don't know the exact city, please list the closest large city to them.&nbsp;","DefaultChoices":false,"DataExportTag":"4-4","QuestionType":"TE","Selector":"FORM","Configuration":{"QuestionDescriptionOption":"UseText"},"QuestionDescription":"What city does ${q:\/\/QID8\/ChoiceTextEntryValue\/4} live? If you don't know the exact city, please...","Choices":{"1":{"Display":"City","InputHeight":29,"InputWidth":172,"TextEntry":"on"},"2":{"Display":"State","InputHeight":29,"InputWidth":172,"TextEntry":"on"}},"ChoiceOrder":[1,2],"Validation":{"Settings":{"ForceResponse":"RequestResponse","ForceResponseType":"RequestResponse","Type":null}},"GradingData":[],"Language":[],"QuestionID":"QID37","DataVisibility":{"Private":false,"Hidden":false}}},{"SurveyID":"SV_2h7xjFtgjuCQpVk","Element":"SQ","PrimaryAttribute":"QID44","SecondaryAttribute":"What city does ${q:\/\/QID8\/ChoiceTextEntryValue\/5} live? If you don't know the exact city, please...","TertiaryAttribute":null,"Payload":{"QuestionText":"What city does ${q:\/\/QID8\/ChoiceTextEntryValue\/5} live? If you don't know the exact city, please list the closest large city to them.&nbsp;","DefaultChoices":false,"DataExportTag":"5-4","QuestionType":"TE","Selector":"FORM","Configuration":{"QuestionDescriptionOption":"UseText"},"QuestionDescription":"What city does ${q:\/\/QID8\/ChoiceTextEntryValue\/5} live? If you don't know the exact city, please...","Choices":{"1":{"Display":"City","InputHeight":29,"InputWidth":172,"TextEntry":"on"},"2":{"Display":"State","InputHeight":29,"InputWidth":172,"TextEntry":"on"}},"ChoiceOrder":[1,2],"Validation":{"Settings":{"ForceResponse":"RequestResponse","ForceResponseType":"RequestResponse","Type":null}},"GradingData":[],"Language":[],"QuestionID":"QID44","DataVisibility":{"Private":false,"Hidden":false}}},{"SurveyID":"SV_2h7xjFtgjuCQpVk","Element":"SQ","PrimaryAttribute":"QID10","SecondaryAttribute":"What is ${q:\/\/QID8\/ChoiceTextEntryValue\/1}'s gender?","TertiaryAttribute":null,"Payload":{"QuestionText":"What is ${q:\/\/QID8\/ChoiceTextEntryValue\/1}'s gender?","DataExportTag":"A1Gender","QuestionType":"MC","Selector":"SAVR","SubSelector":"TX","Configuration":{"QuestionDescriptionOption":"UseText"},"QuestionDescription":"What is ${q:\/\/QID8\/ChoiceTextEntryValue\/1}'s gender?","Choices":{"1":{"Display":"Male"},"2":{"Display":"Female"},"3":{"Display":"Other"},"4":{"Display":"Choose Not to Respond"}},"ChoiceOrder":[1,2,3,"4"],"Validation":{"Settings":{"ForceResponse":"ON","ForceResponseType":"ON","Type":"None"}},"Language":[],"QuestionID":"QID10","DataVisibility":{"Private":false,"Hidden":false},"RecodeValues":{"1":1,"2":2,"3":3,"4":""},"NextChoiceId":5,"NextAnswerId":1}},{"SurveyID":"SV_2h7xjFtgjuCQpVk","Element":"SQ","PrimaryAttribute":"QID20","SecondaryAttribute":"What is ${q:\/\/QID8\/ChoiceTextEntryValue\/2}'s gender?","TertiaryAttribute":null,"Payload":{"QuestionText":"What is ${q:\/\/QID8\/ChoiceTextEntryValue\/2}'s gender?","DataExportTag":"2-1","QuestionType":"MC","Selector":"SAVR","SubSelector":"TX","Configuration":{"QuestionDescriptionOption":"UseText"},"QuestionDescription":"What is ${q:\/\/QID8\/ChoiceTextEntryValue\/2}'s gender?","Choices":{"1":{"Display":"Male"},"2":{"Display":"Female"},"3":{"Display":"Other"},"4":{"Display":"Choose Not to Respond"}},"ChoiceOrder":[1,2,3,"4"],"Validation":{"Settings":{"ForceResponse":"ON","ForceResponseType":"ON","Type":"None"}},"Language":[],"QuestionID":"QID20","DataVisibility":{"Private":false,"Hidden":false},"RecodeValues":{"1":1,"2":2,"3":3,"4":""}}},{"SurveyID":"SV_2h7xjFtgjuCQpVk","Element":"SQ","PrimaryAttribute":"QID27","SecondaryAttribute":"What is ${q:\/\/QID8\/ChoiceTextEntryValue\/3}'s gender?","TertiaryAttribute":null,"Payload":{"QuestionText":"What is ${q:\/\/QID8\/ChoiceTextEntryValue\/3}'s gender?","DataExportTag":"3-1","QuestionType":"MC","Selector":"SAVR","SubSelector":"TX","Configuration":{"QuestionDescriptionOption":"UseText"},"QuestionDescription":"What is ${q:\/\/QID8\/ChoiceTextEntryValue\/3}'s gender?","Choices":{"1":{"Display":"Male"},"2":{"Display":"Female"},"3":{"Display":"Other"},"4":{"Display":"Choose Not to Respond"}},"ChoiceOrder":[1,2,3,"4"],"Validation":{"Settings":{"ForceResponse":"ON","ForceResponseType":"ON","Type":"None"}},"Language":[],"QuestionID":"QID27","DataVisibility":{"Private":false,"Hidden":false},"RecodeValues":{"1":1,"2":2,"3":3,"4":""}}},{"SurveyID":"SV_2h7xjFtgjuCQpVk","Element":"SQ","PrimaryAttribute":"QID34","SecondaryAttribute":"What is ${q:\/\/QID8\/ChoiceTextEntryValue\/4}'s gender?","TertiaryAttribute":null,"Payload":{"QuestionText":"What is ${q:\/\/QID8\/ChoiceTextEntryValue\/4}'s gender?","DataExportTag":"4-1","QuestionType":"MC","Selector":"SAVR","SubSelector":"TX","Configuration":{"QuestionDescriptionOption":"UseText"},"QuestionDescription":"What is ${q:\/\/QID8\/ChoiceTextEntryValue\/4}'s gender?","Choices":{"1":{"Display":"Male"},"2":{"Display":"Female"},"3":{"Display":"Other"},"4":{"Display":"Choose Not to Respond"}},"ChoiceOrder":[1,2,3,"4"],"Validation":{"Settings":{"ForceResponse":"ON","ForceResponseType":"ON","Type":"None"}},"Language":[],"QuestionID":"QID34","DataVisibility":{"Private":false,"Hidden":false},"RecodeValues":{"1":1,"2":2,"3":3,"4":""}}},{"SurveyID":"SV_2h7xjFtgjuCQpVk","Element":"SQ","PrimaryAttribute":"QID41","SecondaryAttribute":"What is ${q:\/\/QID8\/ChoiceTextEntryValue\/5}'s gender?","TertiaryAttribute":null,"Payload":{"QuestionText":"What is ${q:\/\/QID8\/ChoiceTextEntryValue\/5}'s gender?","DataExportTag":"5-1","QuestionType":"MC","Selector":"SAVR","SubSelector":"TX","Configuration":{"QuestionDescriptionOption":"UseText"},"QuestionDescription":"What is ${q:\/\/QID8\/ChoiceTextEntryValue\/5}'s gender?","Choices":{"1":{"Display":"Male"},"2":{"Display":"Female"},"3":{"Display":"Other"},"4":{"Display":"Choose Not to Respond"}},"ChoiceOrder":[1,2,3,"4"],"Validation":{"Settings":{"ForceResponse":"ON","ForceResponseType":"ON","Type":"None"}},"Language":[],"QuestionID":"QID41","DataVisibility":{"Private":false,"Hidden":false},"RecodeValues":{"1":1,"2":2,"3":3,"4":""}}},{"SurveyID":"SV_2h7xjFtgjuCQpVk","Element":"SQ","PrimaryAttribute":"QID17","SecondaryAttribute":"What is the likelihood that ${q:\/\/QID8\/ChoiceTextEntryValue\/1} and ...","TertiaryAttribute":null,"Payload":{"QuestionText":"What is the likelihood that ${q:\/\/QID8\/ChoiceTextEntryValue\/1} and ${q:\/\/QID8\/ChoiceTextEntryValue\/2} talk to each other independently of you? In other words, do they have a relationship independently of you?&nbsp;","DataExportTag":"AP1","QuestionType":"MC","Selector":"SAVR","SubSelector":"TX","Configuration":{"QuestionDescriptionOption":"UseText"},"QuestionDescription":"What is the likelihood that ${q:\/\/QID8\/ChoiceTextEntryValue\/1} and ...","Choices":{"1":{"Display":"Yes"},"2":{"Display":"Maybe"},"3":{"Display":"No"},"4":{"Display":"Choose Not to Respond"}},"ChoiceOrder":[1,2,3,"4"],"Validation":{"Settings":{"ForceResponse":"ON","ForceResponseType":"ON","Type":"None"}},"Language":[],"QuestionID":"QID17","RecodeValues":{"1":"2","2":"1","3":"0","4":"4"},"DataVisibility":{"Private":false,"Hidden":false},"NextChoiceId":5,"NextAnswerId":1}},{"SurveyID":"SV_2h7xjFtgjuCQpVk","Element":"SQ","PrimaryAttribute":"QID19","SecondaryAttribute":"What is the likelihood that ${q:\/\/QID8\/ChoiceTextEntryValue\/1} and ...","TertiaryAttribute":null,"Payload":{"QuestionText":"What is the likelihood that ${q:\/\/QID8\/ChoiceTextEntryValue\/1} and ${q:\/\/QID8\/ChoiceTextEntryValue\/4} talk to each other independently of you? In other words, do they have a relationship independently of you?&nbsp;","DataExportTag":"AP3","QuestionType":"MC","Selector":"SAVR","SubSelector":"TX","Configuration":{"QuestionDescriptionOption":"UseText"},"QuestionDescription":"What is the likelihood that ${q:\/\/QID8\/ChoiceTextEntryValue\/1} and ...","Choices":{"1":{"Display":"Yes"},"2":{"Display":"Maybe"},"3":{"Display":"No"},"4":{"Display":"Choose Not to Respond"}},"ChoiceOrder":[1,2,3,"4"],"Validation":{"Settings":{"ForceResponse":"ON","ForceResponseType":"ON","Type":"None"}},"Language":[],"QuestionID":"QID19","RecodeValues":{"1":"2","2":"1","3":"0","4":"4"},"DataVisibility":{"Private":false,"Hidden":false}}},{"SurveyID":"SV_2h7xjFtgjuCQpVk","Element":"SQ","PrimaryAttribute":"QID223","SecondaryAttribute":"What is the likelihood that ${q:\/\/QID8\/ChoiceTextEntryValue\/1} and ...","TertiaryAttribute":null,"Payload":{"QuestionText":"What is the likelihood that ${q:\/\/QID8\/ChoiceTextEntryValue\/1} and ${q:\/\/QID8\/ChoiceTextEntryValue\/3} talk to each other independently of you? In other words, do they have a relationship independently of you?&nbsp;","DataExportTag":"AP2","QuestionType":"MC","Selector":"SAVR","SubSelector":"TX","Configuration":{"QuestionDescriptionOption":"UseText"},"QuestionDescription":"What is the likelihood that ${q:\/\/QID8\/ChoiceTextEntryValue\/1} and ...","Choices":{"1":{"Display":"Yes"},"2":{"Display":"Maybe"},"3":{"Display":"No"},"4":{"Display":"Choose Not to Respond"}},"ChoiceOrder":["1","2","3","4"],"Validation":{"Settings":{"ForceResponse":"ON","ForceResponseType":"ON","Type":"None"}},"Language":[],"QuestionID":"QID223","RecodeValues":{"1":"2","2":"1","3":"0","4":"4"},"DataVisibility":{"Private":false,"Hidden":false}}},{"SurveyID":"SV_2h7xjFtgjuCQpVk","Element":"SQ","PrimaryAttribute":"QID224","SecondaryAttribute":"What is the likelihood that ${q:\/\/QID8\/ChoiceTextEntryValue\/1} and ...","TertiaryAttribute":null,"Payload":{"QuestionText":"What is the likelihood that ${q:\/\/QID8\/ChoiceTextEntryValue\/1} and ${q:\/\/QID8\/ChoiceTextEntryValue\/5} talk to each other independently of you? In other words, do they have a relationship independently of you?&nbsp;","DataExportTag":"AP4","QuestionType":"MC","Selector":"SAVR","SubSelector":"TX","Configuration":{"QuestionDescriptionOption":"UseText"},"QuestionDescription":"What is the likelihood that ${q:\/\/QID8\/ChoiceTextEntryValue\/1} and ...","Choices":{"1":{"Display":"Yes"},"2":{"Display":"Maybe"},"3":{"Display":"No"},"4":{"Display":"Choose Not to Respond"}},"ChoiceOrder":["1","2","3","4"],"Validation":{"Settings":{"ForceResponse":"ON","ForceResponseType":"ON","Type":"None"}},"Language":[],"QuestionID":"QID224","RecodeValues":{"1":"2","2":"1","3":"0","4":"4"},"DataVisibility":{"Private":false,"Hidden":false}}},{"SurveyID":"SV_2h7xjFtgjuCQpVk","Element":"SQ","PrimaryAttribute":"QID250","SecondaryAttribute":"What is the likelihood that ${q:\/\/QID8\/ChoiceTextEntryValue\/2} and ...","TertiaryAttribute":null,"Payload":{"QuestionText":"What is the likelihood that ${q:\/\/QID8\/ChoiceTextEntryValue\/2} and ${q:\/\/QID8\/ChoiceTextEntryValue\/3} talk to each other independently of you? In other words, do they have a relationship independently of you?&nbsp;","DataExportTag":"AP30","QuestionType":"MC","Selector":"SAVR","SubSelector":"TX","Configuration":{"QuestionDescriptionOption":"UseText"},"QuestionDescription":"What is the likelihood that ${q:\/\/QID8\/ChoiceTextEntryValue\/2} and ...","Choices":{"1":{"Display":"Yes"},"2":{"Display":"Maybe"},"3":{"Display":"No"},"4":{"Display":"Choose Not to Respond"}},"ChoiceOrder":[1,2,3,"4"],"Validation":{"Settings":{"ForceResponse":"ON","ForceResponseType":"ON","Type":"None"}},"Language":[],"QuestionID":"QID250","RecodeValues":{"1":"2","2":"1","3":"0","4":"4"},"DataVisibility":{"Private":false,"Hidden":false}}},{"SurveyID":"SV_2h7xjFtgjuCQpVk","Element":"SQ","PrimaryAttribute":"QID251","SecondaryAttribute":"What is the likelihood that ${q:\/\/QID8\/ChoiceTextEntryValue\/2} and ...","TertiaryAttribute":null,"Payload":{"QuestionText":"What is the likelihood that ${q:\/\/QID8\/ChoiceTextEntryValue\/2} and ${q:\/\/QID8\/ChoiceTextEntryValue\/4} talk to each other independently of you? In other words, do they have a relationship independently of you?&nbsp;","DataExportTag":"AP31","QuestionType":"MC","Selector":"SAVR","SubSelector":"TX","Configuration":{"QuestionDescriptionOption":"UseText"},"QuestionDescription":"What is the likelihood that ${q:\/\/QID8\/ChoiceTextEntryValue\/2} and ...","Choices":{"1":{"Display":"Yes"},"2":{"Display":"Maybe"},"3":{"Display":"No"},"4":{"Display":"Choose Not to Respond"}},"ChoiceOrder":[1,2,3,"4"],"Validation":{"Settings":{"ForceResponse":"ON","ForceResponseType":"ON","Type":"None"}},"Language":[],"QuestionID":"QID251","RecodeValues":{"1":"2","2":"1","3":"0","4":"4"},"DataVisibility":{"Private":false,"Hidden":false}}},{"SurveyID":"SV_2h7xjFtgjuCQpVk","Element":"SQ","PrimaryAttribute":"QID252","SecondaryAttribute":"What is the likelihood that ${q:\/\/QID8\/ChoiceTextEntryValue\/2} and ...","TertiaryAttribute":null,"Payload":{"QuestionText":"What is the likelihood that ${q:\/\/QID8\/ChoiceTextEntryValue\/2} and ${q:\/\/QID8\/ChoiceTextEntryValue\/5} talk to each other independently of you? In other words, do they have a relationship independently of you?&nbsp;","DataExportTag":"AP32","QuestionType":"MC","Selector":"SAVR","SubSelector":"TX","Configuration":{"QuestionDescriptionOption":"UseText"},"QuestionDescription":"What is the likelihood that ${q:\/\/QID8\/ChoiceTextEntryValue\/2} and ...","Choices":{"1":{"Display":"Yes"},"2":{"Display":"Maybe"},"3":{"Display":"No"},"4":{"Display":"Choose Not to Respond"}},"ChoiceOrder":[1,2,3,"4"],"Validation":{"Settings":{"ForceResponse":"ON","ForceResponseType":"ON","Type":"None"}},"Language":[],"QuestionID":"QID252","RecodeValues":{"1":"2","2":"1","3":"0","4":"4"},"DataVisibility":{"Private":false,"Hidden":false}}},{"SurveyID":"SV_2h7xjFtgjuCQpVk","Element":"SQ","PrimaryAttribute":"QID278","SecondaryAttribute":"What is the likelihood that ${q:\/\/QID8\/ChoiceTextEntryValue\/3} and ...","TertiaryAttribute":null,"Payload":{"QuestionText":"What is the likelihood that ${q:\/\/QID8\/ChoiceTextEntryValue\/3} and ${q:\/\/QID8\/ChoiceTextEntryValue\/4} talk to each other independently of you? In other words, do they have a relationship independently of you?","DataExportTag":"AP58","QuestionType":"MC","Selector":"SAVR","SubSelector":"TX","Configuration":{"QuestionDescriptionOption":"UseText"},"QuestionDescription":"What is the likelihood that ${q:\/\/QID8\/ChoiceTextEntryValue\/3} and ...","Choices":{"1":{"Display":"Yes"},"2":{"Display":"Maybe"},"3":{"Display":"No"},"4":{"Display":"Choose Not to Respond"}},"ChoiceOrder":[1,2,3,"4"],"Validation":{"Settings":{"ForceResponse":"ON","ForceResponseType":"ON","Type":"None"}},"Language":[],"QuestionID":"QID278","RecodeValues":{"1":1,"2":"1","3":"0","4":"4"},"DataVisibility":{"Private":false,"Hidden":false}}},{"SurveyID":"SV_2h7xjFtgjuCQpVk","Element":"SQ","PrimaryAttribute":"QID280","SecondaryAttribute":"What is the likelihood that ${q:\/\/QID8\/ChoiceTextEntryValue\/3} and ...","TertiaryAttribute":null,"Payload":{"QuestionText":"What is the likelihood that ${q:\/\/QID8\/ChoiceTextEntryValue\/3} and ${q:\/\/QID8\/ChoiceTextEntryValue\/5} talk to each other independently of you? In other words, do they have a relationship independently of you?&nbsp;","DataExportTag":"AP59","QuestionType":"MC","Selector":"SAVR","SubSelector":"TX","Configuration":{"QuestionDescriptionOption":"UseText"},"QuestionDescription":"What is the likelihood that ${q:\/\/QID8\/ChoiceTextEntryValue\/3} and ...","Choices":{"1":{"Display":"Yes"},"2":{"Display":"Maybe"},"3":{"Display":"No"},"4":{"Display":"Choose Not to Respond"}},"ChoiceOrder":[1,2,3,"4"],"Validation":{"Settings":{"ForceResponse":"ON","ForceResponseType":"ON","Type":"None"}},"Language":[],"QuestionID":"QID280","RecodeValues":{"1":"2","2":"1","3":"0","4":"4"},"DataVisibility":{"Private":false,"Hidden":false},"NextChoiceId":5,"NextAnswerId":1}},{"SurveyID":"SV_2h7xjFtgjuCQpVk","Element":"SQ","PrimaryAttribute":"QID304","SecondaryAttribute":"What is the likelihood that ${q:\/\/QID8\/ChoiceTextEntryValue\/4} and ...","TertiaryAttribute":null,"Payload":{"QuestionText":"What is the likelihood that ${q:\/\/QID8\/ChoiceTextEntryValue\/4} and ${q:\/\/QID8\/ChoiceTextEntryValue\/5} talk to each other independently of you? In other words, do they have a relationship independently of you?&nbsp;","DataExportTag":"AP84","QuestionType":"MC","Selector":"SAVR","SubSelector":"TX","Configuration":{"QuestionDescriptionOption":"UseText"},"QuestionDescription":"What is the likelihood that ${q:\/\/QID8\/ChoiceTextEntryValue\/4} and ...","Choices":{"1":{"Display":"Yes"},"2":{"Display":"Maybe"},"3":{"Display":"No"},"4":{"Display":"Choose Not to Respond"}},"ChoiceOrder":[1,2,3,"4"],"Validation":{"Settings":{"ForceResponse":"ON","ForceResponseType":"ON","Type":"None"}},"Language":[],"QuestionID":"QID304","RecodeValues":{"1":"2","2":"1","3":"0","4":"4"},"DataVisibility":{"Private":false,"Hidden":false}}},{"SurveyID":"SV_2h7xjFtgjuCQpVk","Element":"SQ","PrimaryAttribute":"QID7","SecondaryAttribute":"What's your 5-digit zipcode?","TertiaryAttribute":null,"Payload":{"QuestionText":"What's your 5-digit zipcode?","DefaultChoices":false,"DataExportTag":"ZipCode","QuestionType":"TE","Selector":"SL","Configuration":{"QuestionDescriptionOption":"UseText"},"QuestionDescription":"What's your 5-digit zipcode?","Validation":{"Settings":{"ForceResponse":"OFF","ForceResponseType":"ON","Type":"ContentType","TotalChars":"5","ContentType":"ValidZip","ValidDateType":"DateWithFormat","ValidPhoneType":"ValidUSPhone","ValidZipType":"ValidUSZip"}},"GradingData":[],"Language":[],"QuestionID":"QID7","DataVisibility":{"Private":false,"Hidden":false}}},{"SurveyID":"SV_2h7xjFtgjuCQpVk","Element":"SQ","PrimaryAttribute":"QID12","SecondaryAttribute":"Which category best describes the way you met ${q:\/\/QID8\/ChoiceTextEntryValue\/1}?","TertiaryAttribute":null,"Payload":{"QuestionText":"Which category best describes the way you met ${q:\/\/QID8\/ChoiceTextEntryValue\/1}?","DataExportTag":"A1relation","QuestionType":"MC","Selector":"SAVR","SubSelector":"TX","Configuration":{"QuestionDescriptionOption":"UseText"},"QuestionDescription":"Which category best describes the way you met ${q:\/\/QID8\/ChoiceTextEntryValue\/1}?","Choices":{"1":{"Display":"Family"},"2":{"Display":"Spouse"},"3":{"Display":"Neighbor"},"4":{"Display":"Work"},"5":{"Display":"School"},"6":{"Display":"Significant Other"},"7":{"Display":"Through Someone Else"},"8":{"Display":"Common Interest (e.g., sports club, volunteering, etc.)"},"9":{"Display":"Other"},"10":{"Display":"Choose Not to Respond"}},"ChoiceOrder":[1,2,3,4,5,6,7,8,9,"10"],"Validation":{"Settings":{"ForceResponse":"ON","ForceResponseType":"ON","Type":"None"}},"Language":[],"QuestionID":"QID12","GradingData":[],"DefaultChoices":false,"DataVisibility":{"Private":false,"Hidden":false},"RecodeValues":{"1":1,"2":2,"3":3,"4":4,"5":5,"6":6,"7":7,"8":8,"9":9,"10":""}}},{"SurveyID":"SV_2h7xjFtgjuCQpVk","Element":"SQ","PrimaryAttribute":"QID22","SecondaryAttribute":"Which category best describes the way you met ${q:\/\/QID8\/ChoiceTextEntryValue\/2}?","TertiaryAttribute":null,"Payload":{"QuestionText":"Which category best describes the way you met ${q:\/\/QID8\/ChoiceTextEntryValue\/2}?","DefaultChoices":false,"DataExportTag":"2-3","QuestionType":"MC","Selector":"SAVR","SubSelector":"TX","Configuration":{"QuestionDescriptionOption":"UseText"},"QuestionDescription":"Which category best describes the way you met ${q:\/\/QID8\/ChoiceTextEntryValue\/2}?","Choices":{"1":{"Display":"Family"},"2":{"Display":"Spouse"},"3":{"Display":"Neighbor"},"4":{"Display":"Work"},"5":{"Display":"School"},"6":{"Display":"Significant Other"},"7":{"Display":"Through Someone Else"},"8":{"Display":"Common Interest (e.g., sports club, volunteering, etc.)"},"9":{"Display":"Other"},"10":{"Display":"Choose Not to Respond"}},"ChoiceOrder":[1,2,3,4,5,6,7,8,9,"10"],"Validation":{"Settings":{"ForceResponse":"ON","ForceResponseType":"ON","Type":"None"}},"GradingData":[],"Language":[],"QuestionID":"QID22","DataVisibility":{"Private":false,"Hidden":false},"RecodeValues":{"1":1,"2":2,"3":3,"4":4,"5":5,"6":6,"7":7,"8":8,"9":9,"10":""}}},{"SurveyID":"SV_2h7xjFtgjuCQpVk","Element":"SQ","PrimaryAttribute":"QID29","SecondaryAttribute":"Which category best describes the way you met ${q:\/\/QID8\/ChoiceTextEntryValue\/3}?","TertiaryAttribute":null,"Payload":{"QuestionText":"Which category best describes the way you met ${q:\/\/QID8\/ChoiceTextEntryValue\/3}?","DefaultChoices":false,"DataExportTag":"3-3","QuestionType":"MC","Selector":"SAVR","SubSelector":"TX","Configuration":{"QuestionDescriptionOption":"UseText"},"QuestionDescription":"Which category best describes the way you met ${q:\/\/QID8\/ChoiceTextEntryValue\/3}?","Choices":{"1":{"Display":"Family"},"2":{"Display":"Spouse"},"3":{"Display":"Neighbor"},"4":{"Display":"Work"},"5":{"Display":"School"},"6":{"Display":"Significant Other"},"7":{"Display":"Through Someone Else"},"8":{"Display":"Common Interest (e.g., sports club, volunteering, etc.)"},"9":{"Display":"Other"},"10":{"Display":"Choose Not to Respond"}},"ChoiceOrder":[1,2,3,4,5,6,7,8,9,"10"],"Validation":{"Settings":{"ForceResponse":"ON","ForceResponseType":"ON","Type":"None"}},"GradingData":[],"Language":[],"QuestionID":"QID29","DataVisibility":{"Private":false,"Hidden":false},"RecodeValues":{"1":1,"2":2,"3":3,"4":4,"5":5,"6":6,"7":7,"8":8,"9":9,"10":""}}},{"SurveyID":"SV_2h7xjFtgjuCQpVk","Element":"SQ","PrimaryAttribute":"QID36","SecondaryAttribute":"Which category best describes the way you met ${q:\/\/QID8\/ChoiceTextEntryValue\/4}?","TertiaryAttribute":null,"Payload":{"QuestionText":"Which category best describes the way you met ${q:\/\/QID8\/ChoiceTextEntryValue\/4}?","DefaultChoices":false,"DataExportTag":"4-3","QuestionType":"MC","Selector":"SAVR","SubSelector":"TX","Configuration":{"QuestionDescriptionOption":"UseText"},"QuestionDescription":"Which category best describes the way you met ${q:\/\/QID8\/ChoiceTextEntryValue\/4}?","Choices":{"1":{"Display":"Family"},"2":{"Display":"Spouse"},"3":{"Display":"Neighbor"},"4":{"Display":"Work"},"5":{"Display":"School"},"6":{"Display":"Significant Other"},"7":{"Display":"Through Someone Else"},"8":{"Display":"Common Interest (e.g., sports club, volunteering, etc.)"},"9":{"Display":"Choose Not to Respond"}},"ChoiceOrder":[1,2,3,4,5,6,7,8,"9"],"Validation":{"Settings":{"ForceResponse":"ON","ForceResponseType":"ON","Type":"None"}},"GradingData":[],"Language":[],"QuestionID":"QID36","DataVisibility":{"Private":false,"Hidden":false},"RecodeValues":{"1":1,"2":2,"3":3,"4":4,"5":5,"6":6,"7":7,"8":8,"9":""}}},{"SurveyID":"SV_2h7xjFtgjuCQpVk","Element":"SQ","PrimaryAttribute":"QID43","SecondaryAttribute":"Which category best describes the way you met ${q:\/\/QID8\/ChoiceTextEntryValue\/5}?","TertiaryAttribute":null,"Payload":{"QuestionText":"Which category best describes the way you met ${q:\/\/QID8\/ChoiceTextEntryValue\/5}?","DefaultChoices":false,"DataExportTag":"5-3","QuestionType":"MC","Selector":"SAVR","SubSelector":"TX","Configuration":{"QuestionDescriptionOption":"UseText"},"QuestionDescription":"Which category best describes the way you met ${q:\/\/QID8\/ChoiceTextEntryValue\/5}?","Choices":{"1":{"Display":"Family"},"2":{"Display":"Spouse"},"3":{"Display":"Neighbor"},"4":{"Display":"Work"},"5":{"Display":"School"},"6":{"Display":"Significant Other"},"7":{"Display":"Through Someone Else"},"8":{"Display":"Common Interest (e.g., sports club, volunteering, etc.)"},"9":{"Display":"Other"},"10":{"Display":"Choose Not to Respond"}},"ChoiceOrder":[1,2,3,4,5,6,7,8,9,"10"],"Validation":{"Settings":{"ForceResponse":"ON","ForceResponseType":"ON","Type":"None"}},"GradingData":[],"Language":[],"QuestionID":"QID43","DataVisibility":{"Private":false,"Hidden":false},"RecodeValues":{"1":1,"2":2,"3":3,"4":4,"5":5,"6":6,"7":7,"8":8,"9":9,"10":""}}},{"SurveyID":"SV_2h7xjFtgjuCQpVk","Element":"SQ","PrimaryAttribute":"QID662","SecondaryAttribute":"You clicked \"I do not agree\" on the informed consent page. Please confirm that you do not wish to...","TertiaryAttribute":null,"Payload":{"QuestionText":"You clicked \"I do not agree\" on the informed consent page. Please confirm that you do not wish to participate.&nbsp;","DataExportTag":"IC","QuestionType":"MC","Selector":"SAVR","SubSelector":"TX","Configuration":{"QuestionDescriptionOption":"UseText"},"QuestionDescription":"You clicked \"I do not agree\" on the informed consent page. Please confirm that you do not wish to...","Choices":{"1":{"Display":"I do not agree and do not wish to participate."},"2":{"Display":"I chose that option in error. I DO agree to participate."}},"ChoiceOrder":["1","2"],"Validation":{"Settings":{"ForceResponse":"ON","ForceResponseType":"ON","Type":"None"}},"Language":[],"QuestionID":"QID662","DisplayLogic":{"0":{"0":{"ChoiceLocator":"q:\/\/QID661\/SelectableChoice\/2","Description":"<span class=\"ConjDesc\">If<\/span> <span class=\"QuestionDesc\">Informed Consent\n&lt;o:p&gt;&lt;\/o:p&gt;\n\nPlease read this consent document carefully before you decide to participate in this study. \n\nProtocol Title: Individual Differences in Threat Perception of Extreme We...<\/span> <span class=\"LeftOpDesc\">&lt;span style=\"font-size:16px;\"&gt;&lt;span style=\"font-family:arial,helvetica,sans-serif;\"&gt;I do not agree and do not wish to participate&lt;\/span&gt;&lt;\/span&gt;<\/span> <span class=\"OpDesc\">Is Selected<\/span> ","LeftOperand":"q:\/\/QID661\/SelectableChoice\/2","LogicType":"Question","Operator":"Selected","QuestionID":"QID661","QuestionIDFromLocator":"QID661","QuestionIsInLoop":"no","Type":"Expression"},"Type":"If"},"Type":"BooleanExpression","inPage":false},"DataVisibility":{"Private":false,"Hidden":false},"NextChoiceId":3,"NextAnswerId":1}}]}